// !$*UTF8*$!
{
	archiveVersion = 1;
	classes = {
	};
	objectVersion = 46;
	objects = {

/* Begin PBXBuildFile section */
		271BE0C91C0CBC6400C8757E /* anschlag.wav in Resources */ = {isa = PBXBuildFile; fileRef = 271BE0C41C0CBC6400C8757E /* anschlag.wav */; };
		271BE0CA1C0CBC6400C8757E /* aufdecken.aif in Resources */ = {isa = PBXBuildFile; fileRef = 271BE0C51C0CBC6400C8757E /* aufdecken.aif */; };
		271BE0CB1C0CBC6400C8757E /* Rollen.wav in Resources */ = {isa = PBXBuildFile; fileRef = 271BE0C61C0CBC6400C8757E /* Rollen.wav */; };
		271BE0CC1C0CBC6400C8757E /* Rollen02.wav in Resources */ = {isa = PBXBuildFile; fileRef = 271BE0C71C0CBC6400C8757E /* Rollen02.wav */; };
		271BE0CD1C0CBC6400C8757E /* zudecken.aif in Resources */ = {isa = PBXBuildFile; fileRef = 271BE0C81C0CBC6400C8757E /* zudecken.aif */; };
		271BE0CF1C0CBF8000C8757E /* AudioToolbox.framework in Frameworks */ = {isa = PBXBuildFile; fileRef = 271BE0CE1C0CBF8000C8757E /* AudioToolbox.framework */; };
		2728C0351C402CC9005E8892 /* HomeIcon_down.png in Resources */ = {isa = PBXBuildFile; fileRef = 2728C0291C402CC9005E8892 /* HomeIcon_down.png */; };
		2728C0371C402CC9005E8892 /* HomeIcon_up.png in Resources */ = {isa = PBXBuildFile; fileRef = 2728C02B1C402CC9005E8892 /* HomeIcon_up.png */; };
		2728C0391C402CC9005E8892 /* PointsBar.png in Resources */ = {isa = PBXBuildFile; fileRef = 2728C02D1C402CC9005E8892 /* PointsBar.png */; };
		2728C03B1C402CC9005E8892 /* ScoreBar.png in Resources */ = {isa = PBXBuildFile; fileRef = 2728C02F1C402CC9005E8892 /* ScoreBar.png */; };
		2728C03D1C402CC9005E8892 /* TimeBar.png in Resources */ = {isa = PBXBuildFile; fileRef = 2728C0311C402CC9005E8892 /* TimeBar.png */; };
		2728C03F1C402CC9005E8892 /* TurnsBar.png in Resources */ = {isa = PBXBuildFile; fileRef = 2728C0331C402CC9005E8892 /* TurnsBar.png */; };
		2728C0421C402CDC005E8892 /* ScoreBar_Sample.png in Resources */ = {isa = PBXBuildFile; fileRef = 2728C0411C402CDC005E8892 /* ScoreBar_Sample.png */; };
		2729F50C1BE7C6F8004E0225 /* JFGraphUtils.swift in Sources */ = {isa = PBXBuildFile; fileRef = 2729F50B1BE7C6F8004E0225 /* JFGraphUtils.swift */; };
		272D28C01C3F9B600011B2A7 /* Scoreframe-sample.png in Resources */ = {isa = PBXBuildFile; fileRef = 272D28AC1C3F9B600011B2A7 /* Scoreframe-sample.png */; };
		272D28C11C3F9B600011B2A7 /* Home_down.png in Resources */ = {isa = PBXBuildFile; fileRef = 272D28AD1C3F9B600011B2A7 /* Home_down.png */; };
		272D28C21C3F9B600011B2A7 /* Home_up.png in Resources */ = {isa = PBXBuildFile; fileRef = 272D28AE1C3F9B600011B2A7 /* Home_up.png */; };
		272D28C51C3F9B600011B2A7 /* NewGame_down.png in Resources */ = {isa = PBXBuildFile; fileRef = 272D28B11C3F9B600011B2A7 /* NewGame_down.png */; };
		272D28C61C3F9B600011B2A7 /* NewGame_up.png in Resources */ = {isa = PBXBuildFile; fileRef = 272D28B21C3F9B600011B2A7 /* NewGame_up.png */; };
		272D28C71C3F9B600011B2A7 /* Scoreframe.png in Resources */ = {isa = PBXBuildFile; fileRef = 272D28B31C3F9B600011B2A7 /* Scoreframe.png */; };
		272D28C81C3F9B600011B2A7 /* PointsBar-Easy_Sample.png in Resources */ = {isa = PBXBuildFile; fileRef = 272D28B61C3F9B600011B2A7 /* PointsBar-Easy_Sample.png */; };
		272D28C91C3F9B600011B2A7 /* PointsBar-Expert_Sample.png in Resources */ = {isa = PBXBuildFile; fileRef = 272D28B71C3F9B600011B2A7 /* PointsBar-Expert_Sample.png */; };
		272D28CA1C3F9B600011B2A7 /* PointsBar-Medium_Sample.png in Resources */ = {isa = PBXBuildFile; fileRef = 272D28B81C3F9B600011B2A7 /* PointsBar-Medium_Sample.png */; };
		272D28CC1C3F9B600011B2A7 /* TimeBar_Sample.png in Resources */ = {isa = PBXBuildFile; fileRef = 272D28BA1C3F9B600011B2A7 /* TimeBar_Sample.png */; };
		272D28CD1C3F9B600011B2A7 /* TurnsBar_Sample.png in Resources */ = {isa = PBXBuildFile; fileRef = 272D28BB1C3F9B600011B2A7 /* TurnsBar_Sample.png */; };
		273C605F1C15F241004552DD /* Start-Hintergrund.png in Resources */ = {isa = PBXBuildFile; fileRef = 273C605D1C15F241004552DD /* Start-Hintergrund.png */; };
		273C60601C15F241004552DD /* Start-Tonne.png in Resources */ = {isa = PBXBuildFile; fileRef = 273C605E1C15F241004552DD /* Start-Tonne.png */; };
		273C60621C15F291004552DD /* Start.png in Resources */ = {isa = PBXBuildFile; fileRef = 273C60611C15F291004552DD /* Start.png */; };
		273E60461C613BED00BCB8FE /* libsqlite3.0.tbd in Frameworks */ = {isa = PBXBuildFile; fileRef = 273E60451C613BED00BCB8FE /* libsqlite3.0.tbd */; };
		2744255C1C50084E00ED6BEB /* 5_Points.png in Resources */ = {isa = PBXBuildFile; fileRef = 274425541C50084E00ED6BEB /* 5_Points.png */; };
		2744255D1C50084E00ED6BEB /* 15_Points.png in Resources */ = {isa = PBXBuildFile; fileRef = 274425551C50084E00ED6BEB /* 15_Points.png */; };
		2744255E1C50084E00ED6BEB /* 25_Points.png in Resources */ = {isa = PBXBuildFile; fileRef = 274425561C50084E00ED6BEB /* 25_Points.png */; };
		2744255F1C50084E00ED6BEB /* 35_Points.png in Resources */ = {isa = PBXBuildFile; fileRef = 274425571C50084E00ED6BEB /* 35_Points.png */; };
		274425601C50084E00ED6BEB /* 45_Points.png in Resources */ = {isa = PBXBuildFile; fileRef = 274425581C50084E00ED6BEB /* 45_Points.png */; };
		274425611C50084E00ED6BEB /* 55_Points.png in Resources */ = {isa = PBXBuildFile; fileRef = 274425591C50084E00ED6BEB /* 55_Points.png */; };
		274425621C50084E00ED6BEB /* 65_Points.png in Resources */ = {isa = PBXBuildFile; fileRef = 2744255A1C50084E00ED6BEB /* 65_Points.png */; };
		274425631C50084E00ED6BEB /* 75_Points.png in Resources */ = {isa = PBXBuildFile; fileRef = 2744255B1C50084E00ED6BEB /* 75_Points.png */; };
		274425661C50C2AE00ED6BEB /* digi_plink.wav in Resources */ = {isa = PBXBuildFile; fileRef = 274425641C50C2AE00ED6BEB /* digi_plink.wav */; };
		274425671C50C2AE00ED6BEB /* pop_drip.wav in Resources */ = {isa = PBXBuildFile; fileRef = 274425651C50C2AE00ED6BEB /* pop_drip.wav */; };
		2764B10B1C48D4B700817F64 /* 10_Points.png in Resources */ = {isa = PBXBuildFile; fileRef = 2764B10A1C48D4B700817F64 /* 10_Points.png */; };
		2764B11A1C48D4BF00817F64 /* 20_Points.png in Resources */ = {isa = PBXBuildFile; fileRef = 2764B10C1C48D4BF00817F64 /* 20_Points.png */; };
		2764B11B1C48D4BF00817F64 /* 30_Points.png in Resources */ = {isa = PBXBuildFile; fileRef = 2764B10D1C48D4BF00817F64 /* 30_Points.png */; };
		2764B11C1C48D4BF00817F64 /* 40_Points.png in Resources */ = {isa = PBXBuildFile; fileRef = 2764B10E1C48D4BF00817F64 /* 40_Points.png */; };
		2764B11D1C48D4BF00817F64 /* 50_Points.png in Resources */ = {isa = PBXBuildFile; fileRef = 2764B10F1C48D4BF00817F64 /* 50_Points.png */; };
		2764B11E1C48D4BF00817F64 /* 60_Points.png in Resources */ = {isa = PBXBuildFile; fileRef = 2764B1101C48D4BF00817F64 /* 60_Points.png */; };
		2764B11F1C48D4BF00817F64 /* 70_Points.png in Resources */ = {isa = PBXBuildFile; fileRef = 2764B1111C48D4BF00817F64 /* 70_Points.png */; };
		2764B1201C48D4BF00817F64 /* 80_Points.png in Resources */ = {isa = PBXBuildFile; fileRef = 2764B1121C48D4BF00817F64 /* 80_Points.png */; };
		2764B1211C48D4BF00817F64 /* 90_Points.png in Resources */ = {isa = PBXBuildFile; fileRef = 2764B1131C48D4BF00817F64 /* 90_Points.png */; };
		2764B1221C48D4BF00817F64 /* 100_Points.png in Resources */ = {isa = PBXBuildFile; fileRef = 2764B1141C48D4BF00817F64 /* 100_Points.png */; };
		2764B1231C48D4BF00817F64 /* 110_Points.png in Resources */ = {isa = PBXBuildFile; fileRef = 2764B1151C48D4BF00817F64 /* 110_Points.png */; };
		2764B1241C48D4BF00817F64 /* 120_Points.png in Resources */ = {isa = PBXBuildFile; fileRef = 2764B1161C48D4BF00817F64 /* 120_Points.png */; };
		2764B1251C48D4BF00817F64 /* 130_Points.png in Resources */ = {isa = PBXBuildFile; fileRef = 2764B1171C48D4BF00817F64 /* 130_Points.png */; };
		2764B1261C48D4BF00817F64 /* 140_Points.png in Resources */ = {isa = PBXBuildFile; fileRef = 2764B1181C48D4BF00817F64 /* 140_Points.png */; };
		2764B1271C48D4BF00817F64 /* 150_Points.png in Resources */ = {isa = PBXBuildFile; fileRef = 2764B1191C48D4BF00817F64 /* 150_Points.png */; };
		27696DDB1BE923EB0047E18D /* JFSCNWorld.swift in Sources */ = {isa = PBXBuildFile; fileRef = 27696DDA1BE923EB0047E18D /* JFSCNWorld.swift */; };
		277465DB1C514EE700D347A4 /* Share_down.png in Resources */ = {isa = PBXBuildFile; fileRef = 277465D91C514EE700D347A4 /* Share_down.png */; };
		277465DC1C514EE700D347A4 /* Share_up.png in Resources */ = {isa = PBXBuildFile; fileRef = 277465DA1C514EE700D347A4 /* Share_up.png */; };
		277465FB1C51505700D347A4 /* 01_01.png in Resources */ = {isa = PBXBuildFile; fileRef = 277465DD1C51505700D347A4 /* 01_01.png */; };
		277465FC1C51505700D347A4 /* 01_02.png in Resources */ = {isa = PBXBuildFile; fileRef = 277465DE1C51505700D347A4 /* 01_02.png */; };
		277465FD1C51505700D347A4 /* 01_03.png in Resources */ = {isa = PBXBuildFile; fileRef = 277465DF1C51505700D347A4 /* 01_03.png */; };
		277465FE1C51505700D347A4 /* 01_04.png in Resources */ = {isa = PBXBuildFile; fileRef = 277465E01C51505700D347A4 /* 01_04.png */; };
		277465FF1C51505700D347A4 /* 01_05.png in Resources */ = {isa = PBXBuildFile; fileRef = 277465E11C51505700D347A4 /* 01_05.png */; };
		277466001C51505700D347A4 /* 01_06.png in Resources */ = {isa = PBXBuildFile; fileRef = 277465E21C51505700D347A4 /* 01_06.png */; };
		277466011C51505700D347A4 /* 01_07.png in Resources */ = {isa = PBXBuildFile; fileRef = 277465E31C51505700D347A4 /* 01_07.png */; };
		277466021C51505700D347A4 /* 01_08.png in Resources */ = {isa = PBXBuildFile; fileRef = 277465E41C51505700D347A4 /* 01_08.png */; };
		277466031C51505700D347A4 /* 01_09.png in Resources */ = {isa = PBXBuildFile; fileRef = 277465E51C51505700D347A4 /* 01_09.png */; };
		277466041C51505700D347A4 /* 01_10.png in Resources */ = {isa = PBXBuildFile; fileRef = 277465E61C51505700D347A4 /* 01_10.png */; };
		277466051C51505700D347A4 /* 01_11.png in Resources */ = {isa = PBXBuildFile; fileRef = 277465E71C51505700D347A4 /* 01_11.png */; };
		277466061C51505700D347A4 /* 01_12.png in Resources */ = {isa = PBXBuildFile; fileRef = 277465E81C51505700D347A4 /* 01_12.png */; };
		277466071C51505700D347A4 /* 01_13.png in Resources */ = {isa = PBXBuildFile; fileRef = 277465E91C51505700D347A4 /* 01_13.png */; };
		277466081C51505700D347A4 /* 01_14.png in Resources */ = {isa = PBXBuildFile; fileRef = 277465EA1C51505700D347A4 /* 01_14.png */; };
		277466091C51505700D347A4 /* 01_15.png in Resources */ = {isa = PBXBuildFile; fileRef = 277465EB1C51505700D347A4 /* 01_15.png */; };
		2774660A1C51505700D347A4 /* 01_16.png in Resources */ = {isa = PBXBuildFile; fileRef = 277465EC1C51505700D347A4 /* 01_16.png */; };
		2774660B1C51505700D347A4 /* 01_17.png in Resources */ = {isa = PBXBuildFile; fileRef = 277465ED1C51505700D347A4 /* 01_17.png */; };
		2774660C1C51505700D347A4 /* 01_18.png in Resources */ = {isa = PBXBuildFile; fileRef = 277465EE1C51505700D347A4 /* 01_18.png */; };
		2774660D1C51505700D347A4 /* 01_19.png in Resources */ = {isa = PBXBuildFile; fileRef = 277465EF1C51505700D347A4 /* 01_19.png */; };
		2774660E1C51505700D347A4 /* 01_20.png in Resources */ = {isa = PBXBuildFile; fileRef = 277465F01C51505700D347A4 /* 01_20.png */; };
		2774660F1C51505700D347A4 /* 01_21.png in Resources */ = {isa = PBXBuildFile; fileRef = 277465F11C51505700D347A4 /* 01_21.png */; };
		277466101C51505700D347A4 /* 01_22.png in Resources */ = {isa = PBXBuildFile; fileRef = 277465F21C51505700D347A4 /* 01_22.png */; };
		277466111C51505700D347A4 /* 01_23.png in Resources */ = {isa = PBXBuildFile; fileRef = 277465F31C51505700D347A4 /* 01_23.png */; };
		277466121C51505700D347A4 /* 01_24.png in Resources */ = {isa = PBXBuildFile; fileRef = 277465F41C51505700D347A4 /* 01_24.png */; };
		277466131C51505700D347A4 /* 01_25.png in Resources */ = {isa = PBXBuildFile; fileRef = 277465F51C51505700D347A4 /* 01_25.png */; };
		277466141C51505700D347A4 /* 01_26.png in Resources */ = {isa = PBXBuildFile; fileRef = 277465F61C51505700D347A4 /* 01_26.png */; };
		277466151C51505700D347A4 /* 01_27.png in Resources */ = {isa = PBXBuildFile; fileRef = 277465F71C51505700D347A4 /* 01_27.png */; };
		277466161C51505700D347A4 /* 01_28.png in Resources */ = {isa = PBXBuildFile; fileRef = 277465F81C51505700D347A4 /* 01_28.png */; };
		277466171C51505700D347A4 /* 01_29.png in Resources */ = {isa = PBXBuildFile; fileRef = 277465F91C51505700D347A4 /* 01_29.png */; };
		277466181C51505700D347A4 /* 01_30.png in Resources */ = {isa = PBXBuildFile; fileRef = 277465FA1C51505700D347A4 /* 01_30.png */; };
		2774661A1C51716200D347A4 /* twoOfOne.png in Resources */ = {isa = PBXBuildFile; fileRef = 277466191C51716200D347A4 /* twoOfOne.png */; };
		277B23281C1749300036176E /* Easy_down.png in Resources */ = {isa = PBXBuildFile; fileRef = 277B231D1C1749300036176E /* Easy_down.png */; };
		277B23291C1749300036176E /* Easy_up.png in Resources */ = {isa = PBXBuildFile; fileRef = 277B231E1C1749300036176E /* Easy_up.png */; };
		277B232A1C1749300036176E /* Expert_down.png in Resources */ = {isa = PBXBuildFile; fileRef = 277B231F1C1749300036176E /* Expert_down.png */; };
		277B232B1C1749300036176E /* Expert_up.png in Resources */ = {isa = PBXBuildFile; fileRef = 277B23201C1749300036176E /* Expert_up.png */; };
		277B232C1C1749300036176E /* GameCenter_down.png in Resources */ = {isa = PBXBuildFile; fileRef = 277B23211C1749300036176E /* GameCenter_down.png */; };
		277B232D1C1749300036176E /* GameCenter_up.png in Resources */ = {isa = PBXBuildFile; fileRef = 277B23221C1749300036176E /* GameCenter_up.png */; };
		277B232E1C1749300036176E /* Medium_down.png in Resources */ = {isa = PBXBuildFile; fileRef = 277B23231C1749300036176E /* Medium_down.png */; };
		277B232F1C1749300036176E /* Medium_up.png in Resources */ = {isa = PBXBuildFile; fileRef = 277B23241C1749300036176E /* Medium_up.png */; };
		277B23301C1749300036176E /* Home-Schriftgröße.png in Resources */ = {isa = PBXBuildFile; fileRef = 277B23261C1749300036176E /* Home-Schriftgröße.png */; };
		277B23311C1749300036176E /* Home_Frame.png in Resources */ = {isa = PBXBuildFile; fileRef = 277B23271C1749300036176E /* Home_Frame.png */; };
		277B23331C180BFF0036176E /* JFMenuView.swift in Sources */ = {isa = PBXBuildFile; fileRef = 277B23321C180BFF0036176E /* JFMenuView.swift */; };
		2783B0AA1BF9B50A008F1E9B /* Game.swift in Sources */ = {isa = PBXBuildFile; fileRef = 2783B0A91BF9B50A008F1E9B /* Game.swift */; };
		27CE8BE91C48103100AA93F7 /* SystemConfiguration.framework in Frameworks */ = {isa = PBXBuildFile; fileRef = 27CE8BE81C48103100AA93F7 /* SystemConfiguration.framework */; };
		27D6639C1C0623C40029742F /* MenuViewController.swift in Sources */ = {isa = PBXBuildFile; fileRef = 27D6639B1C0623C40029742F /* MenuViewController.swift */; };
		27D6639F1C062C360029742F /* ScoreBoardView.swift in Sources */ = {isa = PBXBuildFile; fileRef = 27D6639E1C062C360029742F /* ScoreBoardView.swift */; };
		27D6EE431C42845E00EA1C94 /* JFGameCenterUtils.swift in Sources */ = {isa = PBXBuildFile; fileRef = 27D6EE421C42845E00EA1C94 /* JFGameCenterUtils.swift */; };
		27D6EE4A1C43850000EA1C94 /* JFProgressView.swift in Sources */ = {isa = PBXBuildFile; fileRef = 27D6EE491C43850000EA1C94 /* JFProgressView.swift */; };
		27DAC6F91BF1C5F20063DC28 /* CoreMotion.framework in Frameworks */ = {isa = PBXBuildFile; fileRef = 27DAC6F81BF1C5F20063DC28 /* CoreMotion.framework */; };
		27DAC6FB1BF1C8710063DC28 /* Notes.rtf in Resources */ = {isa = PBXBuildFile; fileRef = 27DAC6FA1BF1C8710063DC28 /* Notes.rtf */; };
		27F9536B1C4810A300A6E4F6 /* GameKit.framework in Frameworks */ = {isa = PBXBuildFile; fileRef = 27F9536A1C4810A300A6E4F6 /* GameKit.framework */; };
		27F953731C48122900A6E4F6 /* ADBMobileConfig.json in Resources */ = {isa = PBXBuildFile; fileRef = 27F9536E1C48122900A6E4F6 /* ADBMobileConfig.json */; };
		27F953741C48122900A6E4F6 /* AdobeMobileLibrary.a in Frameworks */ = {isa = PBXBuildFile; fileRef = 27F9536F1C48122900A6E4F6 /* AdobeMobileLibrary.a */; };
		B441FA6C1B974E0D00B55627 /* AppDelegate.swift in Sources */ = {isa = PBXBuildFile; fileRef = B441FA6B1B974E0D00B55627 /* AppDelegate.swift */; };
		B441FA6E1B974E0D00B55627 /* ViewController.swift in Sources */ = {isa = PBXBuildFile; fileRef = B441FA6D1B974E0D00B55627 /* ViewController.swift */; };
		B441FA711B974E0D00B55627 /* Main.storyboard in Resources */ = {isa = PBXBuildFile; fileRef = B441FA6F1B974E0D00B55627 /* Main.storyboard */; };
		B441FA731B974E0D00B55627 /* Images.xcassets in Resources */ = {isa = PBXBuildFile; fileRef = B441FA721B974E0D00B55627 /* Images.xcassets */; };
		B441FA761B974E0D00B55627 /* LaunchScreen.xib in Resources */ = {isa = PBXBuildFile; fileRef = B441FA741B974E0D00B55627 /* LaunchScreen.xib */; };
		B441FA821B974E0D00B55627 /* TwoOfOneTests.swift in Sources */ = {isa = PBXBuildFile; fileRef = B441FA811B974E0D00B55627 /* TwoOfOneTests.swift */; };
		B48111F01B9759F100E2A4F3 /* JFSCNView.swift in Sources */ = {isa = PBXBuildFile; fileRef = B48111EF1B9759F100E2A4F3 /* JFSCNView.swift */; };
		B48112061B9B7C0F00E2A4F3 /* JFSCNNode.swift in Sources */ = {isa = PBXBuildFile; fileRef = B48112051B9B7C0F00E2A4F3 /* JFSCNNode.swift */; };
		B48112521B9DEE5900E2A4F3 /* JFUtils.swift in Sources */ = {isa = PBXBuildFile; fileRef = B48112511B9DEE5900E2A4F3 /* JFUtils.swift */; };
/* End PBXBuildFile section */

/* Begin PBXContainerItemProxy section */
		B441FA7C1B974E0D00B55627 /* PBXContainerItemProxy */ = {
			isa = PBXContainerItemProxy;
			containerPortal = B441FA5E1B974E0D00B55627 /* Project object */;
			proxyType = 1;
			remoteGlobalIDString = B441FA651B974E0D00B55627;
			remoteInfo = TwoOfOne;
		};
/* End PBXContainerItemProxy section */

/* Begin PBXFileReference section */
		271BE0C11C0CB98E00C8757E /* AVFoundation.framework */ = {isa = PBXFileReference; lastKnownFileType = wrapper.framework; name = AVFoundation.framework; path = System/Library/Frameworks/AVFoundation.framework; sourceTree = SDKROOT; };
		271BE0C41C0CBC6400C8757E /* anschlag.wav */ = {isa = PBXFileReference; lastKnownFileType = audio.wav; path = anschlag.wav; sourceTree = "<group>"; };
		271BE0C51C0CBC6400C8757E /* aufdecken.aif */ = {isa = PBXFileReference; lastKnownFileType = file; path = aufdecken.aif; sourceTree = "<group>"; };
		271BE0C61C0CBC6400C8757E /* Rollen.wav */ = {isa = PBXFileReference; lastKnownFileType = audio.wav; path = Rollen.wav; sourceTree = "<group>"; };
		271BE0C71C0CBC6400C8757E /* Rollen02.wav */ = {isa = PBXFileReference; lastKnownFileType = audio.wav; path = Rollen02.wav; sourceTree = "<group>"; };
		271BE0C81C0CBC6400C8757E /* zudecken.aif */ = {isa = PBXFileReference; lastKnownFileType = file; path = zudecken.aif; sourceTree = "<group>"; };
		271BE0CE1C0CBF8000C8757E /* AudioToolbox.framework */ = {isa = PBXFileReference; lastKnownFileType = wrapper.framework; name = AudioToolbox.framework; path = System/Library/Frameworks/AudioToolbox.framework; sourceTree = SDKROOT; };
		2728C0291C402CC9005E8892 /* HomeIcon_down.png */ = {isa = PBXFileReference; lastKnownFileType = image.png; path = HomeIcon_down.png; sourceTree = "<group>"; };
		2728C02B1C402CC9005E8892 /* HomeIcon_up.png */ = {isa = PBXFileReference; lastKnownFileType = image.png; path = HomeIcon_up.png; sourceTree = "<group>"; };
		2728C02D1C402CC9005E8892 /* PointsBar.png */ = {isa = PBXFileReference; lastKnownFileType = image.png; path = PointsBar.png; sourceTree = "<group>"; };
		2728C02F1C402CC9005E8892 /* ScoreBar.png */ = {isa = PBXFileReference; lastKnownFileType = image.png; path = ScoreBar.png; sourceTree = "<group>"; };
		2728C0311C402CC9005E8892 /* TimeBar.png */ = {isa = PBXFileReference; lastKnownFileType = image.png; path = TimeBar.png; sourceTree = "<group>"; };
		2728C0331C402CC9005E8892 /* TurnsBar.png */ = {isa = PBXFileReference; lastKnownFileType = image.png; path = TurnsBar.png; sourceTree = "<group>"; };
		2728C0411C402CDC005E8892 /* ScoreBar_Sample.png */ = {isa = PBXFileReference; lastKnownFileType = image.png; path = ScoreBar_Sample.png; sourceTree = "<group>"; };
		2729F50B1BE7C6F8004E0225 /* JFGraphUtils.swift */ = {isa = PBXFileReference; fileEncoding = 4; lastKnownFileType = sourcecode.swift; name = JFGraphUtils.swift; path = Utils/JFGraphUtils.swift; sourceTree = "<group>"; };
		272D28AC1C3F9B600011B2A7 /* Scoreframe-sample.png */ = {isa = PBXFileReference; lastKnownFileType = image.png; path = "Scoreframe-sample.png"; sourceTree = "<group>"; };
		272D28AD1C3F9B600011B2A7 /* Home_down.png */ = {isa = PBXFileReference; lastKnownFileType = image.png; path = Home_down.png; sourceTree = "<group>"; };
		272D28AE1C3F9B600011B2A7 /* Home_up.png */ = {isa = PBXFileReference; lastKnownFileType = image.png; path = Home_up.png; sourceTree = "<group>"; };
		272D28B11C3F9B600011B2A7 /* NewGame_down.png */ = {isa = PBXFileReference; lastKnownFileType = image.png; path = NewGame_down.png; sourceTree = "<group>"; };
		272D28B21C3F9B600011B2A7 /* NewGame_up.png */ = {isa = PBXFileReference; lastKnownFileType = image.png; path = NewGame_up.png; sourceTree = "<group>"; };
		272D28B31C3F9B600011B2A7 /* Scoreframe.png */ = {isa = PBXFileReference; lastKnownFileType = image.png; path = Scoreframe.png; sourceTree = "<group>"; };
		272D28B61C3F9B600011B2A7 /* PointsBar-Easy_Sample.png */ = {isa = PBXFileReference; lastKnownFileType = image.png; path = "PointsBar-Easy_Sample.png"; sourceTree = "<group>"; };
		272D28B71C3F9B600011B2A7 /* PointsBar-Expert_Sample.png */ = {isa = PBXFileReference; lastKnownFileType = image.png; path = "PointsBar-Expert_Sample.png"; sourceTree = "<group>"; };
		272D28B81C3F9B600011B2A7 /* PointsBar-Medium_Sample.png */ = {isa = PBXFileReference; lastKnownFileType = image.png; path = "PointsBar-Medium_Sample.png"; sourceTree = "<group>"; };
		272D28BA1C3F9B600011B2A7 /* TimeBar_Sample.png */ = {isa = PBXFileReference; lastKnownFileType = image.png; path = TimeBar_Sample.png; sourceTree = "<group>"; };
		272D28BB1C3F9B600011B2A7 /* TurnsBar_Sample.png */ = {isa = PBXFileReference; lastKnownFileType = image.png; path = TurnsBar_Sample.png; sourceTree = "<group>"; };
		273C605D1C15F241004552DD /* Start-Hintergrund.png */ = {isa = PBXFileReference; lastKnownFileType = image.png; name = "Start-Hintergrund.png"; path = "Images/Start-Hintergrund.png"; sourceTree = "<group>"; };
		273C605E1C15F241004552DD /* Start-Tonne.png */ = {isa = PBXFileReference; lastKnownFileType = image.png; name = "Start-Tonne.png"; path = "Images/Start-Tonne.png"; sourceTree = "<group>"; };
		273C60611C15F291004552DD /* Start.png */ = {isa = PBXFileReference; lastKnownFileType = image.png; name = Start.png; path = Images/Start.png; sourceTree = "<group>"; };
		273E60451C613BED00BCB8FE /* libsqlite3.0.tbd */ = {isa = PBXFileReference; lastKnownFileType = "sourcecode.text-based-dylib-definition"; name = libsqlite3.0.tbd; path = usr/lib/libsqlite3.0.tbd; sourceTree = SDKROOT; };
		274425541C50084E00ED6BEB /* 5_Points.png */ = {isa = PBXFileReference; lastKnownFileType = image.png; name = 5_Points.png; path = TwoOfOne/Images/ScoreTiles/5_Points.png; sourceTree = SOURCE_ROOT; };
		274425551C50084E00ED6BEB /* 15_Points.png */ = {isa = PBXFileReference; lastKnownFileType = image.png; name = 15_Points.png; path = TwoOfOne/Images/ScoreTiles/15_Points.png; sourceTree = SOURCE_ROOT; };
		274425561C50084E00ED6BEB /* 25_Points.png */ = {isa = PBXFileReference; lastKnownFileType = image.png; name = 25_Points.png; path = TwoOfOne/Images/ScoreTiles/25_Points.png; sourceTree = SOURCE_ROOT; };
		274425571C50084E00ED6BEB /* 35_Points.png */ = {isa = PBXFileReference; lastKnownFileType = image.png; name = 35_Points.png; path = TwoOfOne/Images/ScoreTiles/35_Points.png; sourceTree = SOURCE_ROOT; };
		274425581C50084E00ED6BEB /* 45_Points.png */ = {isa = PBXFileReference; lastKnownFileType = image.png; name = 45_Points.png; path = TwoOfOne/Images/ScoreTiles/45_Points.png; sourceTree = SOURCE_ROOT; };
		274425591C50084E00ED6BEB /* 55_Points.png */ = {isa = PBXFileReference; lastKnownFileType = image.png; name = 55_Points.png; path = TwoOfOne/Images/ScoreTiles/55_Points.png; sourceTree = SOURCE_ROOT; };
		2744255A1C50084E00ED6BEB /* 65_Points.png */ = {isa = PBXFileReference; lastKnownFileType = image.png; name = 65_Points.png; path = TwoOfOne/Images/ScoreTiles/65_Points.png; sourceTree = SOURCE_ROOT; };
		2744255B1C50084E00ED6BEB /* 75_Points.png */ = {isa = PBXFileReference; lastKnownFileType = image.png; name = 75_Points.png; path = TwoOfOne/Images/ScoreTiles/75_Points.png; sourceTree = SOURCE_ROOT; };
		274425641C50C2AE00ED6BEB /* digi_plink.wav */ = {isa = PBXFileReference; lastKnownFileType = audio.wav; path = digi_plink.wav; sourceTree = "<group>"; };
		274425651C50C2AE00ED6BEB /* pop_drip.wav */ = {isa = PBXFileReference; lastKnownFileType = audio.wav; path = pop_drip.wav; sourceTree = "<group>"; };
		2764B10A1C48D4B700817F64 /* 10_Points.png */ = {isa = PBXFileReference; lastKnownFileType = image.png; name = 10_Points.png; path = TwoOfOne/Images/ScoreTiles/10_Points.png; sourceTree = SOURCE_ROOT; };
		2764B10C1C48D4BF00817F64 /* 20_Points.png */ = {isa = PBXFileReference; lastKnownFileType = image.png; name = 20_Points.png; path = TwoOfOne/Images/ScoreTiles/20_Points.png; sourceTree = SOURCE_ROOT; };
		2764B10D1C48D4BF00817F64 /* 30_Points.png */ = {isa = PBXFileReference; lastKnownFileType = image.png; name = 30_Points.png; path = TwoOfOne/Images/ScoreTiles/30_Points.png; sourceTree = SOURCE_ROOT; };
		2764B10E1C48D4BF00817F64 /* 40_Points.png */ = {isa = PBXFileReference; lastKnownFileType = image.png; name = 40_Points.png; path = TwoOfOne/Images/ScoreTiles/40_Points.png; sourceTree = SOURCE_ROOT; };
		2764B10F1C48D4BF00817F64 /* 50_Points.png */ = {isa = PBXFileReference; lastKnownFileType = image.png; name = 50_Points.png; path = TwoOfOne/Images/ScoreTiles/50_Points.png; sourceTree = SOURCE_ROOT; };
		2764B1101C48D4BF00817F64 /* 60_Points.png */ = {isa = PBXFileReference; lastKnownFileType = image.png; name = 60_Points.png; path = TwoOfOne/Images/ScoreTiles/60_Points.png; sourceTree = SOURCE_ROOT; };
		2764B1111C48D4BF00817F64 /* 70_Points.png */ = {isa = PBXFileReference; lastKnownFileType = image.png; name = 70_Points.png; path = TwoOfOne/Images/ScoreTiles/70_Points.png; sourceTree = SOURCE_ROOT; };
		2764B1121C48D4BF00817F64 /* 80_Points.png */ = {isa = PBXFileReference; lastKnownFileType = image.png; name = 80_Points.png; path = TwoOfOne/Images/ScoreTiles/80_Points.png; sourceTree = SOURCE_ROOT; };
		2764B1131C48D4BF00817F64 /* 90_Points.png */ = {isa = PBXFileReference; lastKnownFileType = image.png; name = 90_Points.png; path = TwoOfOne/Images/ScoreTiles/90_Points.png; sourceTree = SOURCE_ROOT; };
		2764B1141C48D4BF00817F64 /* 100_Points.png */ = {isa = PBXFileReference; lastKnownFileType = image.png; name = 100_Points.png; path = TwoOfOne/Images/ScoreTiles/100_Points.png; sourceTree = SOURCE_ROOT; };
		2764B1151C48D4BF00817F64 /* 110_Points.png */ = {isa = PBXFileReference; lastKnownFileType = image.png; name = 110_Points.png; path = TwoOfOne/Images/ScoreTiles/110_Points.png; sourceTree = SOURCE_ROOT; };
		2764B1161C48D4BF00817F64 /* 120_Points.png */ = {isa = PBXFileReference; lastKnownFileType = image.png; name = 120_Points.png; path = TwoOfOne/Images/ScoreTiles/120_Points.png; sourceTree = SOURCE_ROOT; };
		2764B1171C48D4BF00817F64 /* 130_Points.png */ = {isa = PBXFileReference; lastKnownFileType = image.png; name = 130_Points.png; path = TwoOfOne/Images/ScoreTiles/130_Points.png; sourceTree = SOURCE_ROOT; };
		2764B1181C48D4BF00817F64 /* 140_Points.png */ = {isa = PBXFileReference; lastKnownFileType = image.png; name = 140_Points.png; path = TwoOfOne/Images/ScoreTiles/140_Points.png; sourceTree = SOURCE_ROOT; };
		2764B1191C48D4BF00817F64 /* 150_Points.png */ = {isa = PBXFileReference; lastKnownFileType = image.png; name = 150_Points.png; path = TwoOfOne/Images/ScoreTiles/150_Points.png; sourceTree = SOURCE_ROOT; };
		27696DDA1BE923EB0047E18D /* JFSCNWorld.swift */ = {isa = PBXFileReference; fileEncoding = 4; lastKnownFileType = sourcecode.swift; name = JFSCNWorld.swift; path = custom/JFSCNWorld.swift; sourceTree = "<group>"; };
		277465D91C514EE700D347A4 /* Share_down.png */ = {isa = PBXFileReference; lastKnownFileType = image.png; path = Share_down.png; sourceTree = "<group>"; };
		277465DA1C514EE700D347A4 /* Share_up.png */ = {isa = PBXFileReference; lastKnownFileType = image.png; path = Share_up.png; sourceTree = "<group>"; };
		277465DD1C51505700D347A4 /* 01_01.png */ = {isa = PBXFileReference; lastKnownFileType = image.png; name = 01_01.png; path = TwoOfOne/Images/TIleSets/Set01/01_01.png; sourceTree = SOURCE_ROOT; };
		277465DE1C51505700D347A4 /* 01_02.png */ = {isa = PBXFileReference; lastKnownFileType = image.png; name = 01_02.png; path = TwoOfOne/Images/TIleSets/Set01/01_02.png; sourceTree = SOURCE_ROOT; };
		277465DF1C51505700D347A4 /* 01_03.png */ = {isa = PBXFileReference; lastKnownFileType = image.png; name = 01_03.png; path = TwoOfOne/Images/TIleSets/Set01/01_03.png; sourceTree = SOURCE_ROOT; };
		277465E01C51505700D347A4 /* 01_04.png */ = {isa = PBXFileReference; lastKnownFileType = image.png; name = 01_04.png; path = TwoOfOne/Images/TIleSets/Set01/01_04.png; sourceTree = SOURCE_ROOT; };
		277465E11C51505700D347A4 /* 01_05.png */ = {isa = PBXFileReference; lastKnownFileType = image.png; name = 01_05.png; path = TwoOfOne/Images/TIleSets/Set01/01_05.png; sourceTree = SOURCE_ROOT; };
		277465E21C51505700D347A4 /* 01_06.png */ = {isa = PBXFileReference; lastKnownFileType = image.png; name = 01_06.png; path = TwoOfOne/Images/TIleSets/Set01/01_06.png; sourceTree = SOURCE_ROOT; };
		277465E31C51505700D347A4 /* 01_07.png */ = {isa = PBXFileReference; lastKnownFileType = image.png; name = 01_07.png; path = TwoOfOne/Images/TIleSets/Set01/01_07.png; sourceTree = SOURCE_ROOT; };
		277465E41C51505700D347A4 /* 01_08.png */ = {isa = PBXFileReference; lastKnownFileType = image.png; name = 01_08.png; path = TwoOfOne/Images/TIleSets/Set01/01_08.png; sourceTree = SOURCE_ROOT; };
		277465E51C51505700D347A4 /* 01_09.png */ = {isa = PBXFileReference; lastKnownFileType = image.png; name = 01_09.png; path = TwoOfOne/Images/TIleSets/Set01/01_09.png; sourceTree = SOURCE_ROOT; };
		277465E61C51505700D347A4 /* 01_10.png */ = {isa = PBXFileReference; lastKnownFileType = image.png; name = 01_10.png; path = TwoOfOne/Images/TIleSets/Set01/01_10.png; sourceTree = SOURCE_ROOT; };
		277465E71C51505700D347A4 /* 01_11.png */ = {isa = PBXFileReference; lastKnownFileType = image.png; name = 01_11.png; path = TwoOfOne/Images/TIleSets/Set01/01_11.png; sourceTree = SOURCE_ROOT; };
		277465E81C51505700D347A4 /* 01_12.png */ = {isa = PBXFileReference; lastKnownFileType = image.png; name = 01_12.png; path = TwoOfOne/Images/TIleSets/Set01/01_12.png; sourceTree = SOURCE_ROOT; };
		277465E91C51505700D347A4 /* 01_13.png */ = {isa = PBXFileReference; lastKnownFileType = image.png; name = 01_13.png; path = TwoOfOne/Images/TIleSets/Set01/01_13.png; sourceTree = SOURCE_ROOT; };
		277465EA1C51505700D347A4 /* 01_14.png */ = {isa = PBXFileReference; lastKnownFileType = image.png; name = 01_14.png; path = TwoOfOne/Images/TIleSets/Set01/01_14.png; sourceTree = SOURCE_ROOT; };
		277465EB1C51505700D347A4 /* 01_15.png */ = {isa = PBXFileReference; lastKnownFileType = image.png; name = 01_15.png; path = TwoOfOne/Images/TIleSets/Set01/01_15.png; sourceTree = SOURCE_ROOT; };
		277465EC1C51505700D347A4 /* 01_16.png */ = {isa = PBXFileReference; lastKnownFileType = image.png; name = 01_16.png; path = TwoOfOne/Images/TIleSets/Set01/01_16.png; sourceTree = SOURCE_ROOT; };
		277465ED1C51505700D347A4 /* 01_17.png */ = {isa = PBXFileReference; lastKnownFileType = image.png; name = 01_17.png; path = TwoOfOne/Images/TIleSets/Set01/01_17.png; sourceTree = SOURCE_ROOT; };
		277465EE1C51505700D347A4 /* 01_18.png */ = {isa = PBXFileReference; lastKnownFileType = image.png; name = 01_18.png; path = TwoOfOne/Images/TIleSets/Set01/01_18.png; sourceTree = SOURCE_ROOT; };
		277465EF1C51505700D347A4 /* 01_19.png */ = {isa = PBXFileReference; lastKnownFileType = image.png; name = 01_19.png; path = TwoOfOne/Images/TIleSets/Set01/01_19.png; sourceTree = SOURCE_ROOT; };
		277465F01C51505700D347A4 /* 01_20.png */ = {isa = PBXFileReference; lastKnownFileType = image.png; name = 01_20.png; path = TwoOfOne/Images/TIleSets/Set01/01_20.png; sourceTree = SOURCE_ROOT; };
		277465F11C51505700D347A4 /* 01_21.png */ = {isa = PBXFileReference; lastKnownFileType = image.png; name = 01_21.png; path = TwoOfOne/Images/TIleSets/Set01/01_21.png; sourceTree = SOURCE_ROOT; };
		277465F21C51505700D347A4 /* 01_22.png */ = {isa = PBXFileReference; lastKnownFileType = image.png; name = 01_22.png; path = TwoOfOne/Images/TIleSets/Set01/01_22.png; sourceTree = SOURCE_ROOT; };
		277465F31C51505700D347A4 /* 01_23.png */ = {isa = PBXFileReference; lastKnownFileType = image.png; name = 01_23.png; path = TwoOfOne/Images/TIleSets/Set01/01_23.png; sourceTree = SOURCE_ROOT; };
		277465F41C51505700D347A4 /* 01_24.png */ = {isa = PBXFileReference; lastKnownFileType = image.png; name = 01_24.png; path = TwoOfOne/Images/TIleSets/Set01/01_24.png; sourceTree = SOURCE_ROOT; };
		277465F51C51505700D347A4 /* 01_25.png */ = {isa = PBXFileReference; lastKnownFileType = image.png; name = 01_25.png; path = TwoOfOne/Images/TIleSets/Set01/01_25.png; sourceTree = SOURCE_ROOT; };
		277465F61C51505700D347A4 /* 01_26.png */ = {isa = PBXFileReference; lastKnownFileType = image.png; name = 01_26.png; path = TwoOfOne/Images/TIleSets/Set01/01_26.png; sourceTree = SOURCE_ROOT; };
		277465F71C51505700D347A4 /* 01_27.png */ = {isa = PBXFileReference; lastKnownFileType = image.png; name = 01_27.png; path = TwoOfOne/Images/TIleSets/Set01/01_27.png; sourceTree = SOURCE_ROOT; };
		277465F81C51505700D347A4 /* 01_28.png */ = {isa = PBXFileReference; lastKnownFileType = image.png; name = 01_28.png; path = TwoOfOne/Images/TIleSets/Set01/01_28.png; sourceTree = SOURCE_ROOT; };
		277465F91C51505700D347A4 /* 01_29.png */ = {isa = PBXFileReference; lastKnownFileType = image.png; name = 01_29.png; path = TwoOfOne/Images/TIleSets/Set01/01_29.png; sourceTree = SOURCE_ROOT; };
		277465FA1C51505700D347A4 /* 01_30.png */ = {isa = PBXFileReference; lastKnownFileType = image.png; name = 01_30.png; path = TwoOfOne/Images/TIleSets/Set01/01_30.png; sourceTree = SOURCE_ROOT; };
		277466191C51716200D347A4 /* twoOfOne.png */ = {isa = PBXFileReference; lastKnownFileType = image.png; name = twoOfOne.png; path = Images/twoOfOne.png; sourceTree = "<group>"; };
		277B231D1C1749300036176E /* Easy_down.png */ = {isa = PBXFileReference; lastKnownFileType = image.png; path = Easy_down.png; sourceTree = "<group>"; };
		277B231E1C1749300036176E /* Easy_up.png */ = {isa = PBXFileReference; lastKnownFileType = image.png; path = Easy_up.png; sourceTree = "<group>"; };
		277B231F1C1749300036176E /* Expert_down.png */ = {isa = PBXFileReference; lastKnownFileType = image.png; path = Expert_down.png; sourceTree = "<group>"; };
		277B23201C1749300036176E /* Expert_up.png */ = {isa = PBXFileReference; lastKnownFileType = image.png; path = Expert_up.png; sourceTree = "<group>"; };
		277B23211C1749300036176E /* GameCenter_down.png */ = {isa = PBXFileReference; lastKnownFileType = image.png; path = GameCenter_down.png; sourceTree = "<group>"; };
		277B23221C1749300036176E /* GameCenter_up.png */ = {isa = PBXFileReference; lastKnownFileType = image.png; path = GameCenter_up.png; sourceTree = "<group>"; };
		277B23231C1749300036176E /* Medium_down.png */ = {isa = PBXFileReference; lastKnownFileType = image.png; path = Medium_down.png; sourceTree = "<group>"; };
		277B23241C1749300036176E /* Medium_up.png */ = {isa = PBXFileReference; lastKnownFileType = image.png; path = Medium_up.png; sourceTree = "<group>"; };
		277B23261C1749300036176E /* Home-Schriftgröße.png */ = {isa = PBXFileReference; lastKnownFileType = image.png; path = "Home-Schriftgröße.png"; sourceTree = "<group>"; };
		277B23271C1749300036176E /* Home_Frame.png */ = {isa = PBXFileReference; lastKnownFileType = image.png; path = Home_Frame.png; sourceTree = "<group>"; };
		277B23321C180BFF0036176E /* JFMenuView.swift */ = {isa = PBXFileReference; fileEncoding = 4; lastKnownFileType = sourcecode.swift; name = JFMenuView.swift; path = customView/JFMenuView.swift; sourceTree = "<group>"; };
		2783B0A91BF9B50A008F1E9B /* Game.swift */ = {isa = PBXFileReference; fileEncoding = 4; lastKnownFileType = sourcecode.swift; name = Game.swift; path = Model/Game.swift; sourceTree = "<group>"; };
		27CE8BDE1C480ECF00AA93F7 /* TwoOfOne-Bridging-Header.h */ = {isa = PBXFileReference; lastKnownFileType = sourcecode.c.h; path = "TwoOfOne-Bridging-Header.h"; sourceTree = "<group>"; };
		27CE8BE81C48103100AA93F7 /* SystemConfiguration.framework */ = {isa = PBXFileReference; lastKnownFileType = wrapper.framework; name = SystemConfiguration.framework; path = System/Library/Frameworks/SystemConfiguration.framework; sourceTree = SDKROOT; };
		27D6639B1C0623C40029742F /* MenuViewController.swift */ = {isa = PBXFileReference; fileEncoding = 4; lastKnownFileType = sourcecode.swift; path = MenuViewController.swift; sourceTree = "<group>"; };
		27D6639E1C062C360029742F /* ScoreBoardView.swift */ = {isa = PBXFileReference; fileEncoding = 4; lastKnownFileType = sourcecode.swift; name = ScoreBoardView.swift; path = customView/ScoreBoardView.swift; sourceTree = "<group>"; };
		27D6EE421C42845E00EA1C94 /* JFGameCenterUtils.swift */ = {isa = PBXFileReference; fileEncoding = 4; lastKnownFileType = sourcecode.swift; name = JFGameCenterUtils.swift; path = Utils/JFGameCenterUtils.swift; sourceTree = "<group>"; };
		27D6EE491C43850000EA1C94 /* JFProgressView.swift */ = {isa = PBXFileReference; fileEncoding = 4; lastKnownFileType = sourcecode.swift; name = JFProgressView.swift; path = customView/JFProgressView.swift; sourceTree = "<group>"; };
		27DAC6F81BF1C5F20063DC28 /* CoreMotion.framework */ = {isa = PBXFileReference; lastKnownFileType = wrapper.framework; name = CoreMotion.framework; path = System/Library/Frameworks/CoreMotion.framework; sourceTree = SDKROOT; };
		27DAC6FA1BF1C8710063DC28 /* Notes.rtf */ = {isa = PBXFileReference; fileEncoding = 4; lastKnownFileType = text.rtf; path = Notes.rtf; sourceTree = "<group>"; };
		27F9536A1C4810A300A6E4F6 /* GameKit.framework */ = {isa = PBXFileReference; lastKnownFileType = wrapper.framework; name = GameKit.framework; path = System/Library/Frameworks/GameKit.framework; sourceTree = SDKROOT; };
		27F9536D1C48122900A6E4F6 /* ADBMobile.h */ = {isa = PBXFileReference; fileEncoding = 4; lastKnownFileType = sourcecode.c.h; path = ADBMobile.h; sourceTree = "<group>"; };
		27F9536E1C48122900A6E4F6 /* ADBMobileConfig.json */ = {isa = PBXFileReference; fileEncoding = 4; lastKnownFileType = text.json; path = ADBMobileConfig.json; sourceTree = "<group>"; };
		27F9536F1C48122900A6E4F6 /* AdobeMobileLibrary.a */ = {isa = PBXFileReference; lastKnownFileType = archive.ar; path = AdobeMobileLibrary.a; sourceTree = "<group>"; };
		B441FA661B974E0D00B55627 /* TwoOfOne.app */ = {isa = PBXFileReference; explicitFileType = wrapper.application; includeInIndex = 0; path = TwoOfOne.app; sourceTree = BUILT_PRODUCTS_DIR; };
		B441FA6A1B974E0D00B55627 /* Info.plist */ = {isa = PBXFileReference; lastKnownFileType = text.plist.xml; path = Info.plist; sourceTree = "<group>"; };
		B441FA6B1B974E0D00B55627 /* AppDelegate.swift */ = {isa = PBXFileReference; lastKnownFileType = sourcecode.swift; path = AppDelegate.swift; sourceTree = "<group>"; };
		B441FA6D1B974E0D00B55627 /* ViewController.swift */ = {isa = PBXFileReference; lastKnownFileType = sourcecode.swift; path = ViewController.swift; sourceTree = "<group>"; };
		B441FA701B974E0D00B55627 /* Base */ = {isa = PBXFileReference; lastKnownFileType = file.storyboard; name = Base; path = Base.lproj/Main.storyboard; sourceTree = "<group>"; };
		B441FA721B974E0D00B55627 /* Images.xcassets */ = {isa = PBXFileReference; lastKnownFileType = folder.assetcatalog; path = Images.xcassets; sourceTree = "<group>"; };
		B441FA751B974E0D00B55627 /* Base */ = {isa = PBXFileReference; lastKnownFileType = file.xib; name = Base; path = Base.lproj/LaunchScreen.xib; sourceTree = "<group>"; };
		B441FA7B1B974E0D00B55627 /* TwoOfOneTests.xctest */ = {isa = PBXFileReference; explicitFileType = wrapper.cfbundle; includeInIndex = 0; path = TwoOfOneTests.xctest; sourceTree = BUILT_PRODUCTS_DIR; };
		B441FA801B974E0D00B55627 /* Info.plist */ = {isa = PBXFileReference; lastKnownFileType = text.plist.xml; path = Info.plist; sourceTree = "<group>"; };
		B441FA811B974E0D00B55627 /* TwoOfOneTests.swift */ = {isa = PBXFileReference; lastKnownFileType = sourcecode.swift; path = TwoOfOneTests.swift; sourceTree = "<group>"; };
		B48111EF1B9759F100E2A4F3 /* JFSCNView.swift */ = {isa = PBXFileReference; fileEncoding = 4; lastKnownFileType = sourcecode.swift; path = JFSCNView.swift; sourceTree = "<group>"; };
		B48112051B9B7C0F00E2A4F3 /* JFSCNNode.swift */ = {isa = PBXFileReference; fileEncoding = 4; lastKnownFileType = sourcecode.swift; name = JFSCNNode.swift; path = custom/JFSCNNode.swift; sourceTree = "<group>"; };
		B48112511B9DEE5900E2A4F3 /* JFUtils.swift */ = {isa = PBXFileReference; fileEncoding = 4; lastKnownFileType = sourcecode.swift; name = JFUtils.swift; path = Utils/JFUtils.swift; sourceTree = "<group>"; };
/* End PBXFileReference section */

/* Begin PBXFrameworksBuildPhase section */
		B441FA631B974E0D00B55627 /* Frameworks */ = {
			isa = PBXFrameworksBuildPhase;
			buildActionMask = 2147483647;
			files = (
				273E60461C613BED00BCB8FE /* libsqlite3.0.tbd in Frameworks */,
				27F9536B1C4810A300A6E4F6 /* GameKit.framework in Frameworks */,
				27CE8BE91C48103100AA93F7 /* SystemConfiguration.framework in Frameworks */,
				271BE0CF1C0CBF8000C8757E /* AudioToolbox.framework in Frameworks */,
				27DAC6F91BF1C5F20063DC28 /* CoreMotion.framework in Frameworks */,
				27F953741C48122900A6E4F6 /* AdobeMobileLibrary.a in Frameworks */,
			);
			runOnlyForDeploymentPostprocessing = 0;
		};
		B441FA781B974E0D00B55627 /* Frameworks */ = {
			isa = PBXFrameworksBuildPhase;
			buildActionMask = 2147483647;
			files = (
			);
			runOnlyForDeploymentPostprocessing = 0;
		};
/* End PBXFrameworksBuildPhase section */

/* Begin PBXGroup section */
		271BE0C31C0CBC6400C8757E /* Sounds */ = {
			isa = PBXGroup;
			children = (
				274425641C50C2AE00ED6BEB /* digi_plink.wav */,
				274425651C50C2AE00ED6BEB /* pop_drip.wav */,
				271BE0C41C0CBC6400C8757E /* anschlag.wav */,
				271BE0C51C0CBC6400C8757E /* aufdecken.aif */,
				271BE0C61C0CBC6400C8757E /* Rollen.wav */,
				271BE0C71C0CBC6400C8757E /* Rollen02.wav */,
				271BE0C81C0CBC6400C8757E /* zudecken.aif */,
			);
			path = Sounds;
			sourceTree = "<group>";
		};
		272D28AA1C3F9B600011B2A7 /* EndOfGameScreen */ = {
			isa = PBXGroup;
			children = (
				272D28AB1C3F9B600011B2A7 /* Debug */,
				272D28AD1C3F9B600011B2A7 /* Home_down.png */,
				272D28AE1C3F9B600011B2A7 /* Home_up.png */,
				272D28B11C3F9B600011B2A7 /* NewGame_down.png */,
				272D28B21C3F9B600011B2A7 /* NewGame_up.png */,
				277465D91C514EE700D347A4 /* Share_down.png */,
				277465DA1C514EE700D347A4 /* Share_up.png */,
				272D28B31C3F9B600011B2A7 /* Scoreframe.png */,
			);
			name = EndOfGameScreen;
			path = Images/EndOfGameScreen;
			sourceTree = "<group>";
		};
		272D28AB1C3F9B600011B2A7 /* Debug */ = {
			isa = PBXGroup;
			children = (
				272D28AC1C3F9B600011B2A7 /* Scoreframe-sample.png */,
			);
			path = Debug;
			sourceTree = "<group>";
		};
		272D28B41C3F9B600011B2A7 /* GameScreen */ = {
			isa = PBXGroup;
			children = (
				2728C0291C402CC9005E8892 /* HomeIcon_down.png */,
				2728C02B1C402CC9005E8892 /* HomeIcon_up.png */,
				2728C02D1C402CC9005E8892 /* PointsBar.png */,
				2728C02F1C402CC9005E8892 /* ScoreBar.png */,
				2728C0311C402CC9005E8892 /* TimeBar.png */,
				2728C0331C402CC9005E8892 /* TurnsBar.png */,
				272D28B51C3F9B600011B2A7 /* Debug */,
			);
			name = GameScreen;
			path = Images/GameScreen;
			sourceTree = "<group>";
		};
		272D28B51C3F9B600011B2A7 /* Debug */ = {
			isa = PBXGroup;
			children = (
				2728C0411C402CDC005E8892 /* ScoreBar_Sample.png */,
				272D28B61C3F9B600011B2A7 /* PointsBar-Easy_Sample.png */,
				272D28B71C3F9B600011B2A7 /* PointsBar-Expert_Sample.png */,
				272D28B81C3F9B600011B2A7 /* PointsBar-Medium_Sample.png */,
				272D28BA1C3F9B600011B2A7 /* TimeBar_Sample.png */,
				272D28BB1C3F9B600011B2A7 /* TurnsBar_Sample.png */,
			);
			path = Debug;
			sourceTree = "<group>";
		};
		274B7FB31C07745B00E33096 /* Set01 */ = {
			isa = PBXGroup;
			children = (
				277465DD1C51505700D347A4 /* 01_01.png */,
				277465DE1C51505700D347A4 /* 01_02.png */,
				277465DF1C51505700D347A4 /* 01_03.png */,
				277465E01C51505700D347A4 /* 01_04.png */,
				277465E11C51505700D347A4 /* 01_05.png */,
				277465E21C51505700D347A4 /* 01_06.png */,
				277465E31C51505700D347A4 /* 01_07.png */,
				277465E41C51505700D347A4 /* 01_08.png */,
				277465E51C51505700D347A4 /* 01_09.png */,
				277465E61C51505700D347A4 /* 01_10.png */,
				277465E71C51505700D347A4 /* 01_11.png */,
				277465E81C51505700D347A4 /* 01_12.png */,
				277465E91C51505700D347A4 /* 01_13.png */,
				277465EA1C51505700D347A4 /* 01_14.png */,
				277465EB1C51505700D347A4 /* 01_15.png */,
				277465EC1C51505700D347A4 /* 01_16.png */,
				277465ED1C51505700D347A4 /* 01_17.png */,
				277465EE1C51505700D347A4 /* 01_18.png */,
				277465EF1C51505700D347A4 /* 01_19.png */,
				277465F01C51505700D347A4 /* 01_20.png */,
				277465F11C51505700D347A4 /* 01_21.png */,
				277465F21C51505700D347A4 /* 01_22.png */,
				277465F31C51505700D347A4 /* 01_23.png */,
				277465F41C51505700D347A4 /* 01_24.png */,
				277465F51C51505700D347A4 /* 01_25.png */,
				277465F61C51505700D347A4 /* 01_26.png */,
				277465F71C51505700D347A4 /* 01_27.png */,
				277465F81C51505700D347A4 /* 01_28.png */,
				277465F91C51505700D347A4 /* 01_29.png */,
				277465FA1C51505700D347A4 /* 01_30.png */,
			);
			name = Set01;
			path = Images/TIleSets/Set00;
			sourceTree = "<group>";
		};
		2764B0CD1C48D46100817F64 /* ScoreTiles */ = {
			isa = PBXGroup;
			children = (
				274425541C50084E00ED6BEB /* 5_Points.png */,
				274425551C50084E00ED6BEB /* 15_Points.png */,
				274425561C50084E00ED6BEB /* 25_Points.png */,
				274425571C50084E00ED6BEB /* 35_Points.png */,
				274425581C50084E00ED6BEB /* 45_Points.png */,
				274425591C50084E00ED6BEB /* 55_Points.png */,
				2744255A1C50084E00ED6BEB /* 65_Points.png */,
				2744255B1C50084E00ED6BEB /* 75_Points.png */,
				2764B10A1C48D4B700817F64 /* 10_Points.png */,
				2764B10C1C48D4BF00817F64 /* 20_Points.png */,
				2764B10D1C48D4BF00817F64 /* 30_Points.png */,
				2764B10E1C48D4BF00817F64 /* 40_Points.png */,
				2764B10F1C48D4BF00817F64 /* 50_Points.png */,
				2764B1101C48D4BF00817F64 /* 60_Points.png */,
				2764B1111C48D4BF00817F64 /* 70_Points.png */,
				2764B1121C48D4BF00817F64 /* 80_Points.png */,
				2764B1131C48D4BF00817F64 /* 90_Points.png */,
				2764B1141C48D4BF00817F64 /* 100_Points.png */,
				2764B1151C48D4BF00817F64 /* 110_Points.png */,
				2764B1161C48D4BF00817F64 /* 120_Points.png */,
				2764B1171C48D4BF00817F64 /* 130_Points.png */,
				2764B1181C48D4BF00817F64 /* 140_Points.png */,
				2764B1191C48D4BF00817F64 /* 150_Points.png */,
			);
			path = ScoreTiles;
			sourceTree = "<group>";
		};
		277B231B1C1749300036176E /* MenuScreen */ = {
			isa = PBXGroup;
			children = (
				277B231C1C1749300036176E /* Buttons */,
				277B23251C1749300036176E /* Debug */,
				277B23271C1749300036176E /* Home_Frame.png */,
			);
			name = MenuScreen;
			path = Images/MenuScreen;
			sourceTree = "<group>";
		};
		277B231C1C1749300036176E /* Buttons */ = {
			isa = PBXGroup;
			children = (
				277B231D1C1749300036176E /* Easy_down.png */,
				277B231E1C1749300036176E /* Easy_up.png */,
				277B231F1C1749300036176E /* Expert_down.png */,
				277B23201C1749300036176E /* Expert_up.png */,
				277B23211C1749300036176E /* GameCenter_down.png */,
				277B23221C1749300036176E /* GameCenter_up.png */,
				277B23231C1749300036176E /* Medium_down.png */,
				277B23241C1749300036176E /* Medium_up.png */,
			);
			path = Buttons;
			sourceTree = "<group>";
		};
		277B23251C1749300036176E /* Debug */ = {
			isa = PBXGroup;
			children = (
				277B23261C1749300036176E /* Home-Schriftgröße.png */,
			);
			path = Debug;
			sourceTree = "<group>";
		};
		2783B0A81BF9B4F3008F1E9B /* Model */ = {
			isa = PBXGroup;
			children = (
				2783B0A91BF9B50A008F1E9B /* Game.swift */,
			);
			name = Model;
			sourceTree = "<group>";
		};
		27CE8BE11C480EE900AA93F7 /* Obj-c */ = {
			isa = PBXGroup;
			children = (
				27CE8BDE1C480ECF00AA93F7 /* TwoOfOne-Bridging-Header.h */,
			);
			name = "Obj-c";
			sourceTree = "<group>";
		};
		27D6639D1C062BD70029742F /* CustomView */ = {
			isa = PBXGroup;
			children = (
				27D6639E1C062C360029742F /* ScoreBoardView.swift */,
				277B23321C180BFF0036176E /* JFMenuView.swift */,
				27D6EE491C43850000EA1C94 /* JFProgressView.swift */,
			);
			name = CustomView;
			sourceTree = "<group>";
		};
		27F9536C1C48122900A6E4F6 /* AdobeMobileLibrary */ = {
			isa = PBXGroup;
			children = (
				27F9536D1C48122900A6E4F6 /* ADBMobile.h */,
				27F9536E1C48122900A6E4F6 /* ADBMobileConfig.json */,
				27F9536F1C48122900A6E4F6 /* AdobeMobileLibrary.a */,
			);
			path = AdobeMobileLibrary;
			sourceTree = "<group>";
		};
		B441FA5D1B974E0D00B55627 = {
			isa = PBXGroup;
			children = (
				273E60451C613BED00BCB8FE /* libsqlite3.0.tbd */,
				27F9536A1C4810A300A6E4F6 /* GameKit.framework */,
				27CE8BE81C48103100AA93F7 /* SystemConfiguration.framework */,
				271BE0CE1C0CBF8000C8757E /* AudioToolbox.framework */,
				271BE0C11C0CB98E00C8757E /* AVFoundation.framework */,
				27DAC6F81BF1C5F20063DC28 /* CoreMotion.framework */,
				B441FA681B974E0D00B55627 /* TwoOfOne */,
				B441FA7E1B974E0D00B55627 /* TwoOfOneTests */,
				B441FA671B974E0D00B55627 /* Products */,
			);
			sourceTree = "<group>";
		};
		B441FA671B974E0D00B55627 /* Products */ = {
			isa = PBXGroup;
			children = (
				B441FA661B974E0D00B55627 /* TwoOfOne.app */,
				B441FA7B1B974E0D00B55627 /* TwoOfOneTests.xctest */,
			);
			name = Products;
			sourceTree = "<group>";
		};
		B441FA681B974E0D00B55627 /* TwoOfOne */ = {
			isa = PBXGroup;
			children = (
				27CE8BE11C480EE900AA93F7 /* Obj-c */,
				2783B0A81BF9B4F3008F1E9B /* Model */,
				B48112501B9DEE3B00E2A4F3 /* Utils */,
				27D6639D1C062BD70029742F /* CustomView */,
				B48112041B9B7BF400E2A4F3 /* CustomNodes */,
				B441FA6B1B974E0D00B55627 /* AppDelegate.swift */,
				B441FA6D1B974E0D00B55627 /* ViewController.swift */,
				27D6639B1C0623C40029742F /* MenuViewController.swift */,
				B441FA6F1B974E0D00B55627 /* Main.storyboard */,
				B441FA721B974E0D00B55627 /* Images.xcassets */,
				B441FA741B974E0D00B55627 /* LaunchScreen.xib */,
				B441FA691B974E0D00B55627 /* Supporting Files */,
				27DAC6FA1BF1C8710063DC28 /* Notes.rtf */,
			);
			path = TwoOfOne;
			sourceTree = "<group>";
		};
		B441FA691B974E0D00B55627 /* Supporting Files */ = {
			isa = PBXGroup;
			children = (
				27F9536C1C48122900A6E4F6 /* AdobeMobileLibrary */,
				271BE0C31C0CBC6400C8757E /* Sounds */,
				B48111F11B98AA4D00E2A4F3 /* Images */,
				B441FA6A1B974E0D00B55627 /* Info.plist */,
			);
			name = "Supporting Files";
			sourceTree = "<group>";
		};
		B441FA7E1B974E0D00B55627 /* TwoOfOneTests */ = {
			isa = PBXGroup;
			children = (
				B441FA811B974E0D00B55627 /* TwoOfOneTests.swift */,
				B441FA7F1B974E0D00B55627 /* Supporting Files */,
			);
			path = TwoOfOneTests;
			sourceTree = "<group>";
		};
		B441FA7F1B974E0D00B55627 /* Supporting Files */ = {
			isa = PBXGroup;
			children = (
				B441FA801B974E0D00B55627 /* Info.plist */,
			);
			name = "Supporting Files";
			sourceTree = "<group>";
		};
		B48111F11B98AA4D00E2A4F3 /* Images */ = {
			isa = PBXGroup;
			children = (
				277466191C51716200D347A4 /* twoOfOne.png */,
				272D28AA1C3F9B600011B2A7 /* EndOfGameScreen */,
				272D28B41C3F9B600011B2A7 /* GameScreen */,
				277B231B1C1749300036176E /* MenuScreen */,
				273C60611C15F291004552DD /* Start.png */,
				273C605D1C15F241004552DD /* Start-Hintergrund.png */,
				273C605E1C15F241004552DD /* Start-Tonne.png */,
				2764B0CD1C48D46100817F64 /* ScoreTiles */,
				B48112071B9DEDB800E2A4F3 /* TileSets */,
			);
			name = Images;
			sourceTree = "<group>";
		};
		B48112041B9B7BF400E2A4F3 /* CustomNodes */ = {
			isa = PBXGroup;
			children = (
				B48111EF1B9759F100E2A4F3 /* JFSCNView.swift */,
				B48112051B9B7C0F00E2A4F3 /* JFSCNNode.swift */,
				27696DDA1BE923EB0047E18D /* JFSCNWorld.swift */,
			);
			name = CustomNodes;
			sourceTree = "<group>";
		};
		B48112071B9DEDB800E2A4F3 /* TileSets */ = {
			isa = PBXGroup;
			children = (
				274B7FB31C07745B00E33096 /* Set01 */,
			);
			name = TileSets;
			sourceTree = "<group>";
		};
		B48112501B9DEE3B00E2A4F3 /* Utils */ = {
			isa = PBXGroup;
			children = (
				B48112511B9DEE5900E2A4F3 /* JFUtils.swift */,
				2729F50B1BE7C6F8004E0225 /* JFGraphUtils.swift */,
				27D6EE421C42845E00EA1C94 /* JFGameCenterUtils.swift */,
			);
			name = Utils;
			sourceTree = "<group>";
		};
/* End PBXGroup section */

/* Begin PBXNativeTarget section */
		B441FA651B974E0D00B55627 /* TwoOfOne */ = {
			isa = PBXNativeTarget;
			buildConfigurationList = B441FA851B974E0D00B55627 /* Build configuration list for PBXNativeTarget "TwoOfOne" */;
			buildPhases = (
				B441FA621B974E0D00B55627 /* Sources */,
				B441FA631B974E0D00B55627 /* Frameworks */,
				B441FA641B974E0D00B55627 /* Resources */,
			);
			buildRules = (
			);
			dependencies = (
			);
			name = TwoOfOne;
			productName = TwoOfOne;
			productReference = B441FA661B974E0D00B55627 /* TwoOfOne.app */;
			productType = "com.apple.product-type.application";
		};
		B441FA7A1B974E0D00B55627 /* TwoOfOneTests */ = {
			isa = PBXNativeTarget;
			buildConfigurationList = B441FA881B974E0D00B55627 /* Build configuration list for PBXNativeTarget "TwoOfOneTests" */;
			buildPhases = (
				B441FA771B974E0D00B55627 /* Sources */,
				B441FA781B974E0D00B55627 /* Frameworks */,
				B441FA791B974E0D00B55627 /* Resources */,
			);
			buildRules = (
			);
			dependencies = (
				B441FA7D1B974E0D00B55627 /* PBXTargetDependency */,
			);
			name = TwoOfOneTests;
			productName = TwoOfOneTests;
			productReference = B441FA7B1B974E0D00B55627 /* TwoOfOneTests.xctest */;
			productType = "com.apple.product-type.bundle.unit-test";
		};
/* End PBXNativeTarget section */

/* Begin PBXProject section */
		B441FA5E1B974E0D00B55627 /* Project object */ = {
			isa = PBXProject;
			attributes = {
				LastSwiftMigration = 0700;
				LastSwiftUpdateCheck = 0720;
				LastUpgradeCheck = 0710;
				ORGANIZATIONNAME = Jens;
				TargetAttributes = {
					B441FA651B974E0D00B55627 = {
						CreatedOnToolsVersion = 6.4;
						DevelopmentTeam = 43VV89DXJ4;
						SystemCapabilities = {
							com.apple.Push = {
								enabled = 1;
							};
						};
					};
					B441FA7A1B974E0D00B55627 = {
						CreatedOnToolsVersion = 6.4;
						TestTargetID = B441FA651B974E0D00B55627;
					};
				};
			};
			buildConfigurationList = B441FA611B974E0D00B55627 /* Build configuration list for PBXProject "TwoOfOne" */;
			compatibilityVersion = "Xcode 3.2";
			developmentRegion = English;
			hasScannedForEncodings = 0;
			knownRegions = (
				en,
				Base,
			);
			mainGroup = B441FA5D1B974E0D00B55627;
			productRefGroup = B441FA671B974E0D00B55627 /* Products */;
			projectDirPath = "";
			projectRoot = "";
			targets = (
				B441FA651B974E0D00B55627 /* TwoOfOne */,
				B441FA7A1B974E0D00B55627 /* TwoOfOneTests */,
			);
		};
/* End PBXProject section */

/* Begin PBXResourcesBuildPhase section */
		B441FA641B974E0D00B55627 /* Resources */ = {
			isa = PBXResourcesBuildPhase;
			buildActionMask = 2147483647;
			files = (
				277465FC1C51505700D347A4 /* 01_02.png in Resources */,
				2728C0421C402CDC005E8892 /* ScoreBar_Sample.png in Resources */,
				2764B11F1C48D4BF00817F64 /* 70_Points.png in Resources */,
				2774660A1C51505700D347A4 /* 01_16.png in Resources */,
				272D28C21C3F9B600011B2A7 /* Home_up.png in Resources */,
				2744255F1C50084E00ED6BEB /* 35_Points.png in Resources */,
				277466161C51505700D347A4 /* 01_28.png in Resources */,
				277466141C51505700D347A4 /* 01_26.png in Resources */,
				2764B1251C48D4BF00817F64 /* 130_Points.png in Resources */,
				277466181C51505700D347A4 /* 01_30.png in Resources */,
				2764B11E1C48D4BF00817F64 /* 60_Points.png in Resources */,
				277B23301C1749300036176E /* Home-Schriftgröße.png in Resources */,
				277465DB1C514EE700D347A4 /* Share_down.png in Resources */,
				2764B1241C48D4BF00817F64 /* 120_Points.png in Resources */,
				2774660F1C51505700D347A4 /* 01_21.png in Resources */,
				27F953731C48122900A6E4F6 /* ADBMobileConfig.json in Resources */,
				2728C0371C402CC9005E8892 /* HomeIcon_up.png in Resources */,
				2774660C1C51505700D347A4 /* 01_18.png in Resources */,
				277465FD1C51505700D347A4 /* 01_03.png in Resources */,
				272D28CA1C3F9B600011B2A7 /* PointsBar-Medium_Sample.png in Resources */,
				271BE0C91C0CBC6400C8757E /* anschlag.wav in Resources */,
				277466061C51505700D347A4 /* 01_12.png in Resources */,
				273C60621C15F291004552DD /* Start.png in Resources */,
				2728C0351C402CC9005E8892 /* HomeIcon_down.png in Resources */,
				272D28C11C3F9B600011B2A7 /* Home_down.png in Resources */,
				2764B11D1C48D4BF00817F64 /* 50_Points.png in Resources */,
				272D28C91C3F9B600011B2A7 /* PointsBar-Expert_Sample.png in Resources */,
				277466151C51505700D347A4 /* 01_27.png in Resources */,
				272D28CC1C3F9B600011B2A7 /* TimeBar_Sample.png in Resources */,
				2764B1211C48D4BF00817F64 /* 90_Points.png in Resources */,
				274425611C50084E00ED6BEB /* 55_Points.png in Resources */,
				2774660B1C51505700D347A4 /* 01_17.png in Resources */,
				277465FB1C51505700D347A4 /* 01_01.png in Resources */,
				277465FE1C51505700D347A4 /* 01_04.png in Resources */,
				277B232A1C1749300036176E /* Expert_down.png in Resources */,
				27DAC6FB1BF1C8710063DC28 /* Notes.rtf in Resources */,
				277466091C51505700D347A4 /* 01_15.png in Resources */,
				272D28CD1C3F9B600011B2A7 /* TurnsBar_Sample.png in Resources */,
				277466171C51505700D347A4 /* 01_29.png in Resources */,
				277466001C51505700D347A4 /* 01_06.png in Resources */,
				2764B1261C48D4BF00817F64 /* 140_Points.png in Resources */,
				277466081C51505700D347A4 /* 01_14.png in Resources */,
				2728C03F1C402CC9005E8892 /* TurnsBar.png in Resources */,
				277466051C51505700D347A4 /* 01_11.png in Resources */,
				277B23311C1749300036176E /* Home_Frame.png in Resources */,
				274425631C50084E00ED6BEB /* 75_Points.png in Resources */,
				272D28C71C3F9B600011B2A7 /* Scoreframe.png in Resources */,
				2764B1201C48D4BF00817F64 /* 80_Points.png in Resources */,
				271BE0CA1C0CBC6400C8757E /* aufdecken.aif in Resources */,
				272D28C81C3F9B600011B2A7 /* PointsBar-Easy_Sample.png in Resources */,
				271BE0CB1C0CBC6400C8757E /* Rollen.wav in Resources */,
				274425661C50C2AE00ED6BEB /* digi_plink.wav in Resources */,
				2744255E1C50084E00ED6BEB /* 25_Points.png in Resources */,
				2728C03B1C402CC9005E8892 /* ScoreBar.png in Resources */,
				2774660D1C51505700D347A4 /* 01_19.png in Resources */,
				272D28C01C3F9B600011B2A7 /* Scoreframe-sample.png in Resources */,
				2764B11C1C48D4BF00817F64 /* 40_Points.png in Resources */,
				2774661A1C51716200D347A4 /* twoOfOne.png in Resources */,
				B441FA711B974E0D00B55627 /* Main.storyboard in Resources */,
				277466021C51505700D347A4 /* 01_08.png in Resources */,
				277B23281C1749300036176E /* Easy_down.png in Resources */,
				277466011C51505700D347A4 /* 01_07.png in Resources */,
				B441FA761B974E0D00B55627 /* LaunchScreen.xib in Resources */,
				277B232F1C1749300036176E /* Medium_up.png in Resources */,
				277466071C51505700D347A4 /* 01_13.png in Resources */,
				2764B1231C48D4BF00817F64 /* 110_Points.png in Resources */,
				277466101C51505700D347A4 /* 01_22.png in Resources */,
				2764B11B1C48D4BF00817F64 /* 30_Points.png in Resources */,
				277465DC1C514EE700D347A4 /* Share_up.png in Resources */,
				277466131C51505700D347A4 /* 01_25.png in Resources */,
				277B232C1C1749300036176E /* GameCenter_down.png in Resources */,
				271BE0CC1C0CBC6400C8757E /* Rollen02.wav in Resources */,
				2744255D1C50084E00ED6BEB /* 15_Points.png in Resources */,
				2764B11A1C48D4BF00817F64 /* 20_Points.png in Resources */,
				277466031C51505700D347A4 /* 01_09.png in Resources */,
				277B232B1C1749300036176E /* Expert_up.png in Resources */,
				277466111C51505700D347A4 /* 01_23.png in Resources */,
				2728C0391C402CC9005E8892 /* PointsBar.png in Resources */,
				2764B1271C48D4BF00817F64 /* 150_Points.png in Resources */,
				273C60601C15F241004552DD /* Start-Tonne.png in Resources */,
				274425671C50C2AE00ED6BEB /* pop_drip.wav in Resources */,
				277B232D1C1749300036176E /* GameCenter_up.png in Resources */,
				277466041C51505700D347A4 /* 01_10.png in Resources */,
				272D28C51C3F9B600011B2A7 /* NewGame_down.png in Resources */,
				2764B1221C48D4BF00817F64 /* 100_Points.png in Resources */,
				2764B10B1C48D4B700817F64 /* 10_Points.png in Resources */,
				271BE0CD1C0CBC6400C8757E /* zudecken.aif in Resources */,
				2728C03D1C402CC9005E8892 /* TimeBar.png in Resources */,
				273C605F1C15F241004552DD /* Start-Hintergrund.png in Resources */,
				277B232E1C1749300036176E /* Medium_down.png in Resources */,
				277B23291C1749300036176E /* Easy_up.png in Resources */,
				B441FA731B974E0D00B55627 /* Images.xcassets in Resources */,
				2744255C1C50084E00ED6BEB /* 5_Points.png in Resources */,
				277466121C51505700D347A4 /* 01_24.png in Resources */,
				274425601C50084E00ED6BEB /* 45_Points.png in Resources */,
				272D28C61C3F9B600011B2A7 /* NewGame_up.png in Resources */,
				274425621C50084E00ED6BEB /* 65_Points.png in Resources */,
				2774660E1C51505700D347A4 /* 01_20.png in Resources */,
				277465FF1C51505700D347A4 /* 01_05.png in Resources */,
			);
			runOnlyForDeploymentPostprocessing = 0;
		};
		B441FA791B974E0D00B55627 /* Resources */ = {
			isa = PBXResourcesBuildPhase;
			buildActionMask = 2147483647;
			files = (
			);
			runOnlyForDeploymentPostprocessing = 0;
		};
/* End PBXResourcesBuildPhase section */

/* Begin PBXSourcesBuildPhase section */
		B441FA621B974E0D00B55627 /* Sources */ = {
			isa = PBXSourcesBuildPhase;
			buildActionMask = 2147483647;
			files = (
				2729F50C1BE7C6F8004E0225 /* JFGraphUtils.swift in Sources */,
				B441FA6E1B974E0D00B55627 /* ViewController.swift in Sources */,
				27D6639F1C062C360029742F /* ScoreBoardView.swift in Sources */,
				B48112061B9B7C0F00E2A4F3 /* JFSCNNode.swift in Sources */,
				27696DDB1BE923EB0047E18D /* JFSCNWorld.swift in Sources */,
				27D6639C1C0623C40029742F /* MenuViewController.swift in Sources */,
				277B23331C180BFF0036176E /* JFMenuView.swift in Sources */,
				B48111F01B9759F100E2A4F3 /* JFSCNView.swift in Sources */,
				B441FA6C1B974E0D00B55627 /* AppDelegate.swift in Sources */,
				B48112521B9DEE5900E2A4F3 /* JFUtils.swift in Sources */,
				27D6EE4A1C43850000EA1C94 /* JFProgressView.swift in Sources */,
				27D6EE431C42845E00EA1C94 /* JFGameCenterUtils.swift in Sources */,
				2783B0AA1BF9B50A008F1E9B /* Game.swift in Sources */,
			);
			runOnlyForDeploymentPostprocessing = 0;
		};
		B441FA771B974E0D00B55627 /* Sources */ = {
			isa = PBXSourcesBuildPhase;
			buildActionMask = 2147483647;
			files = (
				B441FA821B974E0D00B55627 /* TwoOfOneTests.swift in Sources */,
			);
			runOnlyForDeploymentPostprocessing = 0;
		};
/* End PBXSourcesBuildPhase section */

/* Begin PBXTargetDependency section */
		B441FA7D1B974E0D00B55627 /* PBXTargetDependency */ = {
			isa = PBXTargetDependency;
			target = B441FA651B974E0D00B55627 /* TwoOfOne */;
			targetProxy = B441FA7C1B974E0D00B55627 /* PBXContainerItemProxy */;
		};
/* End PBXTargetDependency section */

/* Begin PBXVariantGroup section */
		B441FA6F1B974E0D00B55627 /* Main.storyboard */ = {
			isa = PBXVariantGroup;
			children = (
				B441FA701B974E0D00B55627 /* Base */,
			);
			name = Main.storyboard;
			sourceTree = "<group>";
		};
		B441FA741B974E0D00B55627 /* LaunchScreen.xib */ = {
			isa = PBXVariantGroup;
			children = (
				B441FA751B974E0D00B55627 /* Base */,
			);
			name = LaunchScreen.xib;
			sourceTree = "<group>";
		};
/* End PBXVariantGroup section */

/* Begin XCBuildConfiguration section */
		B441FA831B974E0D00B55627 /* Debug */ = {
			isa = XCBuildConfiguration;
			buildSettings = {
				ALWAYS_SEARCH_USER_PATHS = NO;
				CLANG_CXX_LANGUAGE_STANDARD = "gnu++0x";
				CLANG_CXX_LIBRARY = "libc++";
				CLANG_ENABLE_MODULES = YES;
				CLANG_ENABLE_OBJC_ARC = YES;
				CLANG_WARN_BOOL_CONVERSION = YES;
				CLANG_WARN_CONSTANT_CONVERSION = YES;
				CLANG_WARN_DIRECT_OBJC_ISA_USAGE = YES_ERROR;
				CLANG_WARN_EMPTY_BODY = YES;
				CLANG_WARN_ENUM_CONVERSION = YES;
				CLANG_WARN_INT_CONVERSION = YES;
				CLANG_WARN_OBJC_ROOT_CLASS = YES_ERROR;
				CLANG_WARN_UNREACHABLE_CODE = YES;
				CLANG_WARN__DUPLICATE_METHOD_MATCH = YES;
				"CODE_SIGN_IDENTITY[sdk=iphoneos*]" = "iPhone Developer";
				COPY_PHASE_STRIP = NO;
				DEBUG_INFORMATION_FORMAT = "dwarf-with-dsym";
				ENABLE_STRICT_OBJC_MSGSEND = YES;
				ENABLE_TESTABILITY = YES;
				GCC_C_LANGUAGE_STANDARD = gnu99;
				GCC_DYNAMIC_NO_PIC = NO;
				GCC_NO_COMMON_BLOCKS = YES;
				GCC_OPTIMIZATION_LEVEL = 0;
				GCC_PREPROCESSOR_DEFINITIONS = (
					"DEBUG=1",
					"$(inherited)",
				);
				GCC_SYMBOLS_PRIVATE_EXTERN = NO;
				GCC_WARN_64_TO_32_BIT_CONVERSION = YES;
				GCC_WARN_ABOUT_RETURN_TYPE = YES_ERROR;
				GCC_WARN_UNDECLARED_SELECTOR = YES;
				GCC_WARN_UNINITIALIZED_AUTOS = YES_AGGRESSIVE;
				GCC_WARN_UNUSED_FUNCTION = YES;
				GCC_WARN_UNUSED_VARIABLE = YES;
				IPHONEOS_DEPLOYMENT_TARGET = 8.4;
				MTL_ENABLE_DEBUG_INFO = YES;
				ONLY_ACTIVE_ARCH = YES;
				SDKROOT = iphoneos;
				SWIFT_OPTIMIZATION_LEVEL = "-Onone";
				TARGETED_DEVICE_FAMILY = "1,2";
			};
			name = Debug;
		};
		B441FA841B974E0D00B55627 /* Release */ = {
			isa = XCBuildConfiguration;
			buildSettings = {
				ALWAYS_SEARCH_USER_PATHS = NO;
				CLANG_CXX_LANGUAGE_STANDARD = "gnu++0x";
				CLANG_CXX_LIBRARY = "libc++";
				CLANG_ENABLE_MODULES = YES;
				CLANG_ENABLE_OBJC_ARC = YES;
				CLANG_WARN_BOOL_CONVERSION = YES;
				CLANG_WARN_CONSTANT_CONVERSION = YES;
				CLANG_WARN_DIRECT_OBJC_ISA_USAGE = YES_ERROR;
				CLANG_WARN_EMPTY_BODY = YES;
				CLANG_WARN_ENUM_CONVERSION = YES;
				CLANG_WARN_INT_CONVERSION = YES;
				CLANG_WARN_OBJC_ROOT_CLASS = YES_ERROR;
				CLANG_WARN_UNREACHABLE_CODE = YES;
				CLANG_WARN__DUPLICATE_METHOD_MATCH = YES;
				"CODE_SIGN_IDENTITY[sdk=iphoneos*]" = "iPhone Developer";
				COPY_PHASE_STRIP = NO;
				DEBUG_INFORMATION_FORMAT = "dwarf-with-dsym";
				ENABLE_NS_ASSERTIONS = NO;
				ENABLE_STRICT_OBJC_MSGSEND = YES;
				GCC_C_LANGUAGE_STANDARD = gnu99;
				GCC_NO_COMMON_BLOCKS = YES;
				GCC_WARN_64_TO_32_BIT_CONVERSION = YES;
				GCC_WARN_ABOUT_RETURN_TYPE = YES_ERROR;
				GCC_WARN_UNDECLARED_SELECTOR = YES;
				GCC_WARN_UNINITIALIZED_AUTOS = YES_AGGRESSIVE;
				GCC_WARN_UNUSED_FUNCTION = YES;
				GCC_WARN_UNUSED_VARIABLE = YES;
				IPHONEOS_DEPLOYMENT_TARGET = 8.4;
				MTL_ENABLE_DEBUG_INFO = NO;
				SDKROOT = iphoneos;
				TARGETED_DEVICE_FAMILY = "1,2";
				VALIDATE_PRODUCT = YES;
			};
			name = Release;
		};
		B441FA861B974E0D00B55627 /* Debug */ = {
			isa = XCBuildConfiguration;
			buildSettings = {
				ASSETCATALOG_COMPILER_APPICON_NAME = AppIcon;
				CLANG_ENABLE_MODULES = YES;
				CODE_SIGN_IDENTITY = "iPhone Distribution: Jens Fischer (43VV89DXJ4)";
				"CODE_SIGN_IDENTITY[sdk=iphoneos*]" = "iPhone Developer";
				INFOPLIST_FILE = TwoOfOne/Info.plist;
				LD_RUNPATH_SEARCH_PATHS = "$(inherited) @executable_path/Frameworks";
				LIBRARY_SEARCH_PATHS = (
					"$(inherited)",
					"$(PROJECT_DIR)/TwoOfOne/AdobeMobileLibrary",
				);
				ONLY_ACTIVE_ARCH = YES;
				PRODUCT_BUNDLE_IDENTIFIER = "com.jfischer77.$(PRODUCT_NAME:rfc1034identifier)";
				PRODUCT_NAME = "$(TARGET_NAME)";
				PROVISIONING_PROFILE = "";
				SWIFT_OBJC_BRIDGING_HEADER = "TwoOfOne/TwoOfOne-Bridging-Header.h";
				SWIFT_OPTIMIZATION_LEVEL = "-Onone";
				TARGETED_DEVICE_FAMILY = 1;
			};
			name = Debug;
		};
		B441FA871B974E0D00B55627 /* Release */ = {
			isa = XCBuildConfiguration;
			buildSettings = {
				ASSETCATALOG_COMPILER_APPICON_NAME = AppIcon;
				CLANG_ENABLE_MODULES = YES;
				CODE_SIGN_IDENTITY = "iPhone Distribution: Jens Fischer (43VV89DXJ4)";
				"CODE_SIGN_IDENTITY[sdk=iphoneos*]" = "iPhone Developer";
				INFOPLIST_FILE = TwoOfOne/Info.plist;
				LD_RUNPATH_SEARCH_PATHS = "$(inherited) @executable_path/Frameworks";
				LIBRARY_SEARCH_PATHS = (
					"$(inherited)",
					"$(PROJECT_DIR)/TwoOfOne/AdobeMobileLibrary",
				);
				PRODUCT_BUNDLE_IDENTIFIER = "com.jfischer77.$(PRODUCT_NAME:rfc1034identifier)";
				PRODUCT_NAME = "$(TARGET_NAME)";
				PROVISIONING_PROFILE = "";
				SWIFT_OBJC_BRIDGING_HEADER = "TwoOfOne/TwoOfOne-Bridging-Header.h";
				TARGETED_DEVICE_FAMILY = 1;
			};
			name = Release;
		};
		B441FA891B974E0D00B55627 /* Debug */ = {
			isa = XCBuildConfiguration;
			buildSettings = {
				BUNDLE_LOADER = "$(TEST_HOST)";
				FRAMEWORK_SEARCH_PATHS = "$(inherited)";
				GCC_PREPROCESSOR_DEFINITIONS = (
					"DEBUG=1",
					"$(inherited)",
				);
				INFOPLIST_FILE = TwoOfOneTests/Info.plist;
				LD_RUNPATH_SEARCH_PATHS = "$(inherited) @executable_path/Frameworks @loader_path/Frameworks";
				PRODUCT_BUNDLE_IDENTIFIER = "com.jfischer77.$(PRODUCT_NAME:rfc1034identifier)";
				PRODUCT_NAME = "$(TARGET_NAME)";
				TEST_HOST = "$(BUILT_PRODUCTS_DIR)/TwoOfOne.app/TwoOfOne";
			};
			name = Debug;
		};
		B441FA8A1B974E0D00B55627 /* Release */ = {
			isa = XCBuildConfiguration;
			buildSettings = {
				BUNDLE_LOADER = "$(TEST_HOST)";
				FRAMEWORK_SEARCH_PATHS = "$(inherited)";
				INFOPLIST_FILE = TwoOfOneTests/Info.plist;
				LD_RUNPATH_SEARCH_PATHS = "$(inherited) @executable_path/Frameworks @loader_path/Frameworks";
				PRODUCT_BUNDLE_IDENTIFIER = "com.jfischer77.$(PRODUCT_NAME:rfc1034identifier)";
				PRODUCT_NAME = "$(TARGET_NAME)";
				TEST_HOST = "$(BUILT_PRODUCTS_DIR)/TwoOfOne.app/TwoOfOne";
			};
			name = Release;
		};
/* End XCBuildConfiguration section */

/* Begin XCConfigurationList section */
		B441FA611B974E0D00B55627 /* Build configuration list for PBXProject "TwoOfOne" */ = {
			isa = XCConfigurationList;
			buildConfigurations = (
				B441FA831B974E0D00B55627 /* Debug */,
				B441FA841B974E0D00B55627 /* Release */,
			);
			defaultConfigurationIsVisible = 0;
			defaultConfigurationName = Release;
		};
		B441FA851B974E0D00B55627 /* Build configuration list for PBXNativeTarget "TwoOfOne" */ = {
			isa = XCConfigurationList;
			buildConfigurations = (
				B441FA861B974E0D00B55627 /* Debug */,
				B441FA871B974E0D00B55627 /* Release */,
			);
			defaultConfigurationIsVisible = 0;
			defaultConfigurationName = Release;
		};
		B441FA881B974E0D00B55627 /* Build configuration list for PBXNativeTarget "TwoOfOneTests" */ = {
			isa = XCConfigurationList;
			buildConfigurations = (
				B441FA891B974E0D00B55627 /* Debug */,
				B441FA8A1B974E0D00B55627 /* Release */,
			);
			defaultConfigurationIsVisible = 0;
			defaultConfigurationName = Release;
		};
/* End XCConfigurationList section */
	};
	rootObject = B441FA5E1B974E0D00B55627 /* Project object */;
}
