// !$*UTF8*$!
{
	archiveVersion = 1;
	classes = {
	};
	objectVersion = 46;
	objects = {

/* Begin PBXBuildFile section */
		B441FA6C1B974E0D00B55627 /* AppDelegate.swift in Sources */ = {isa = PBXBuildFile; fileRef = B441FA6B1B974E0D00B55627 /* AppDelegate.swift */; };
		B441FA6E1B974E0D00B55627 /* ViewController.swift in Sources */ = {isa = PBXBuildFile; fileRef = B441FA6D1B974E0D00B55627 /* ViewController.swift */; };
		B441FA711B974E0D00B55627 /* Main.storyboard in Resources */ = {isa = PBXBuildFile; fileRef = B441FA6F1B974E0D00B55627 /* Main.storyboard */; };
		B441FA731B974E0D00B55627 /* Images.xcassets in Resources */ = {isa = PBXBuildFile; fileRef = B441FA721B974E0D00B55627 /* Images.xcassets */; };
		B441FA761B974E0D00B55627 /* LaunchScreen.xib in Resources */ = {isa = PBXBuildFile; fileRef = B441FA741B974E0D00B55627 /* LaunchScreen.xib */; };
		B441FA821B974E0D00B55627 /* TwoOfOneTests.swift in Sources */ = {isa = PBXBuildFile; fileRef = B441FA811B974E0D00B55627 /* TwoOfOneTests.swift */; };
		B48111F01B9759F100E2A4F3 /* JFSCNView.swift in Sources */ = {isa = PBXBuildFile; fileRef = B48111EF1B9759F100E2A4F3 /* JFSCNView.swift */; };
		B48111FE1B9989C600E2A4F3 /* tile0.png in Resources */ = {isa = PBXBuildFile; fileRef = B48111F81B9989C600E2A4F3 /* tile0.png */; };
		B48111FF1B9989C600E2A4F3 /* tile50.png in Resources */ = {isa = PBXBuildFile; fileRef = B48111F91B9989C600E2A4F3 /* tile50.png */; };
		B48112001B9989C600E2A4F3 /* tile100.png in Resources */ = {isa = PBXBuildFile; fileRef = B48111FA1B9989C600E2A4F3 /* tile100.png */; };
		B48112011B9989C600E2A4F3 /* tileA.png in Resources */ = {isa = PBXBuildFile; fileRef = B48111FB1B9989C600E2A4F3 /* tileA.png */; };
		B48112021B9989C600E2A4F3 /* tileB.png in Resources */ = {isa = PBXBuildFile; fileRef = B48111FC1B9989C600E2A4F3 /* tileB.png */; };
		B48112031B9989C600E2A4F3 /* tileC.png in Resources */ = {isa = PBXBuildFile; fileRef = B48111FD1B9989C600E2A4F3 /* tileC.png */; };
		B48112061B9B7C0F00E2A4F3 /* JFSCNNode.swift in Sources */ = {isa = PBXBuildFile; fileRef = B48112051B9B7C0F00E2A4F3 /* JFSCNNode.swift */; };
		B48112521B9DEE5900E2A4F3 /* JFUtils.swift in Sources */ = {isa = PBXBuildFile; fileRef = B48112511B9DEE5900E2A4F3 /* JFUtils.swift */; };
		B481125D1B9DF00600E2A4F3 /* Karte01.png in Resources */ = {isa = PBXBuildFile; fileRef = B48112531B9DF00600E2A4F3 /* Karte01.png */; };
		B481125E1B9DF00600E2A4F3 /* Karte02.png in Resources */ = {isa = PBXBuildFile; fileRef = B48112541B9DF00600E2A4F3 /* Karte02.png */; };
		B481125F1B9DF00600E2A4F3 /* Karte03.png in Resources */ = {isa = PBXBuildFile; fileRef = B48112551B9DF00600E2A4F3 /* Karte03.png */; };
		B48112601B9DF00600E2A4F3 /* Karte04.png in Resources */ = {isa = PBXBuildFile; fileRef = B48112561B9DF00600E2A4F3 /* Karte04.png */; };
		B48112611B9DF00600E2A4F3 /* Karte05.png in Resources */ = {isa = PBXBuildFile; fileRef = B48112571B9DF00600E2A4F3 /* Karte05.png */; };
		B48112621B9DF00600E2A4F3 /* Karte06.png in Resources */ = {isa = PBXBuildFile; fileRef = B48112581B9DF00600E2A4F3 /* Karte06.png */; };
		B48112631B9DF00600E2A4F3 /* Karte07.png in Resources */ = {isa = PBXBuildFile; fileRef = B48112591B9DF00600E2A4F3 /* Karte07.png */; };
		B48112641B9DF00600E2A4F3 /* Karte08.png in Resources */ = {isa = PBXBuildFile; fileRef = B481125A1B9DF00600E2A4F3 /* Karte08.png */; };
		B48112651B9DF00600E2A4F3 /* Karte09.png in Resources */ = {isa = PBXBuildFile; fileRef = B481125B1B9DF00600E2A4F3 /* Karte09.png */; };
		B48112661B9DF00600E2A4F3 /* Karte10.png in Resources */ = {isa = PBXBuildFile; fileRef = B481125C1B9DF00600E2A4F3 /* Karte10.png */; };
/* End PBXBuildFile section */

/* Begin PBXContainerItemProxy section */
		B441FA7C1B974E0D00B55627 /* PBXContainerItemProxy */ = {
			isa = PBXContainerItemProxy;
			containerPortal = B441FA5E1B974E0D00B55627 /* Project object */;
			proxyType = 1;
			remoteGlobalIDString = B441FA651B974E0D00B55627;
			remoteInfo = TwoOfOne;
		};
/* End PBXContainerItemProxy section */

/* Begin PBXFileReference section */
		B441FA661B974E0D00B55627 /* TwoOfOne.app */ = {isa = PBXFileReference; explicitFileType = wrapper.application; includeInIndex = 0; path = TwoOfOne.app; sourceTree = BUILT_PRODUCTS_DIR; };
		B441FA6A1B974E0D00B55627 /* Info.plist */ = {isa = PBXFileReference; lastKnownFileType = text.plist.xml; path = Info.plist; sourceTree = "<group>"; };
		B441FA6B1B974E0D00B55627 /* AppDelegate.swift */ = {isa = PBXFileReference; lastKnownFileType = sourcecode.swift; path = AppDelegate.swift; sourceTree = "<group>"; };
		B441FA6D1B974E0D00B55627 /* ViewController.swift */ = {isa = PBXFileReference; lastKnownFileType = sourcecode.swift; path = ViewController.swift; sourceTree = "<group>"; };
		B441FA701B974E0D00B55627 /* Base */ = {isa = PBXFileReference; lastKnownFileType = file.storyboard; name = Base; path = Base.lproj/Main.storyboard; sourceTree = "<group>"; };
		B441FA721B974E0D00B55627 /* Images.xcassets */ = {isa = PBXFileReference; lastKnownFileType = folder.assetcatalog; path = Images.xcassets; sourceTree = "<group>"; };
		B441FA751B974E0D00B55627 /* Base */ = {isa = PBXFileReference; lastKnownFileType = file.xib; name = Base; path = Base.lproj/LaunchScreen.xib; sourceTree = "<group>"; };
		B441FA7B1B974E0D00B55627 /* TwoOfOneTests.xctest */ = {isa = PBXFileReference; explicitFileType = wrapper.cfbundle; includeInIndex = 0; path = TwoOfOneTests.xctest; sourceTree = BUILT_PRODUCTS_DIR; };
		B441FA801B974E0D00B55627 /* Info.plist */ = {isa = PBXFileReference; lastKnownFileType = text.plist.xml; path = Info.plist; sourceTree = "<group>"; };
		B441FA811B974E0D00B55627 /* TwoOfOneTests.swift */ = {isa = PBXFileReference; lastKnownFileType = sourcecode.swift; path = TwoOfOneTests.swift; sourceTree = "<group>"; };
		B48111EF1B9759F100E2A4F3 /* JFSCNView.swift */ = {isa = PBXFileReference; fileEncoding = 4; lastKnownFileType = sourcecode.swift; path = JFSCNView.swift; sourceTree = "<group>"; };
		B48111F81B9989C600E2A4F3 /* tile0.png */ = {isa = PBXFileReference; lastKnownFileType = image.png; name = tile0.png; path = Images/tile0.png; sourceTree = "<group>"; };
		B48111F91B9989C600E2A4F3 /* tile50.png */ = {isa = PBXFileReference; lastKnownFileType = image.png; name = tile50.png; path = Images/tile50.png; sourceTree = "<group>"; };
		B48111FA1B9989C600E2A4F3 /* tile100.png */ = {isa = PBXFileReference; lastKnownFileType = image.png; name = tile100.png; path = Images/tile100.png; sourceTree = "<group>"; };
		B48111FB1B9989C600E2A4F3 /* tileA.png */ = {isa = PBXFileReference; lastKnownFileType = image.png; name = tileA.png; path = Images/tileA.png; sourceTree = "<group>"; };
		B48111FC1B9989C600E2A4F3 /* tileB.png */ = {isa = PBXFileReference; lastKnownFileType = image.png; name = tileB.png; path = Images/tileB.png; sourceTree = "<group>"; };
		B48111FD1B9989C600E2A4F3 /* tileC.png */ = {isa = PBXFileReference; lastKnownFileType = image.png; name = tileC.png; path = Images/tileC.png; sourceTree = "<group>"; };
		B48112051B9B7C0F00E2A4F3 /* JFSCNNode.swift */ = {isa = PBXFileReference; fileEncoding = 4; lastKnownFileType = sourcecode.swift; name = JFSCNNode.swift; path = custom/JFSCNNode.swift; sourceTree = "<group>"; };
		B48112511B9DEE5900E2A4F3 /* JFUtils.swift */ = {isa = PBXFileReference; fileEncoding = 4; lastKnownFileType = sourcecode.swift; name = JFUtils.swift; path = Utils/JFUtils.swift; sourceTree = "<group>"; };
		B48112531B9DF00600E2A4F3 /* Karte01.png */ = {isa = PBXFileReference; lastKnownFileType = image.png; name = Karte01.png; path = Images/TIleSets/Karte01.png; sourceTree = "<group>"; };
		B48112541B9DF00600E2A4F3 /* Karte02.png */ = {isa = PBXFileReference; lastKnownFileType = image.png; name = Karte02.png; path = Images/TIleSets/Karte02.png; sourceTree = "<group>"; };
		B48112551B9DF00600E2A4F3 /* Karte03.png */ = {isa = PBXFileReference; lastKnownFileType = image.png; name = Karte03.png; path = Images/TIleSets/Karte03.png; sourceTree = "<group>"; };
		B48112561B9DF00600E2A4F3 /* Karte04.png */ = {isa = PBXFileReference; lastKnownFileType = image.png; name = Karte04.png; path = Images/TIleSets/Karte04.png; sourceTree = "<group>"; };
		B48112571B9DF00600E2A4F3 /* Karte05.png */ = {isa = PBXFileReference; lastKnownFileType = image.png; name = Karte05.png; path = Images/TIleSets/Karte05.png; sourceTree = "<group>"; };
		B48112581B9DF00600E2A4F3 /* Karte06.png */ = {isa = PBXFileReference; lastKnownFileType = image.png; name = Karte06.png; path = Images/TIleSets/Karte06.png; sourceTree = "<group>"; };
		B48112591B9DF00600E2A4F3 /* Karte07.png */ = {isa = PBXFileReference; lastKnownFileType = image.png; name = Karte07.png; path = Images/TIleSets/Karte07.png; sourceTree = "<group>"; };
		B481125A1B9DF00600E2A4F3 /* Karte08.png */ = {isa = PBXFileReference; lastKnownFileType = image.png; name = Karte08.png; path = Images/TIleSets/Karte08.png; sourceTree = "<group>"; };
		B481125B1B9DF00600E2A4F3 /* Karte09.png */ = {isa = PBXFileReference; lastKnownFileType = image.png; name = Karte09.png; path = Images/TIleSets/Karte09.png; sourceTree = "<group>"; };
		B481125C1B9DF00600E2A4F3 /* Karte10.png */ = {isa = PBXFileReference; lastKnownFileType = image.png; name = Karte10.png; path = Images/TIleSets/Karte10.png; sourceTree = "<group>"; };
/* End PBXFileReference section */

/* Begin PBXFrameworksBuildPhase section */
		B441FA631B974E0D00B55627 /* Frameworks */ = {
			isa = PBXFrameworksBuildPhase;
			buildActionMask = 2147483647;
			files = (
			);
			runOnlyForDeploymentPostprocessing = 0;
		};
		B441FA781B974E0D00B55627 /* Frameworks */ = {
			isa = PBXFrameworksBuildPhase;
			buildActionMask = 2147483647;
			files = (
			);
			runOnlyForDeploymentPostprocessing = 0;
		};
/* End PBXFrameworksBuildPhase section */

/* Begin PBXGroup section */
		B441FA5D1B974E0D00B55627 = {
			isa = PBXGroup;
			children = (
				B441FA681B974E0D00B55627 /* TwoOfOne */,
				B441FA7E1B974E0D00B55627 /* TwoOfOneTests */,
				B441FA671B974E0D00B55627 /* Products */,
			);
			sourceTree = "<group>";
		};
		B441FA671B974E0D00B55627 /* Products */ = {
			isa = PBXGroup;
			children = (
				B441FA661B974E0D00B55627 /* TwoOfOne.app */,
				B441FA7B1B974E0D00B55627 /* TwoOfOneTests.xctest */,
			);
			name = Products;
			sourceTree = "<group>";
		};
		B441FA681B974E0D00B55627 /* TwoOfOne */ = {
			isa = PBXGroup;
			children = (
				B48112501B9DEE3B00E2A4F3 /* Utils */,
				B48112041B9B7BF400E2A4F3 /* custom */,
				B441FA6B1B974E0D00B55627 /* AppDelegate.swift */,
				B441FA6D1B974E0D00B55627 /* ViewController.swift */,
				B441FA6F1B974E0D00B55627 /* Main.storyboard */,
				B441FA721B974E0D00B55627 /* Images.xcassets */,
				B441FA741B974E0D00B55627 /* LaunchScreen.xib */,
				B441FA691B974E0D00B55627 /* Supporting Files */,
			);
			path = TwoOfOne;
			sourceTree = "<group>";
		};
		B441FA691B974E0D00B55627 /* Supporting Files */ = {
			isa = PBXGroup;
			children = (
				B48111F11B98AA4D00E2A4F3 /* Images */,
				B441FA6A1B974E0D00B55627 /* Info.plist */,
			);
			name = "Supporting Files";
			sourceTree = "<group>";
		};
		B441FA7E1B974E0D00B55627 /* TwoOfOneTests */ = {
			isa = PBXGroup;
			children = (
				B441FA811B974E0D00B55627 /* TwoOfOneTests.swift */,
				B441FA7F1B974E0D00B55627 /* Supporting Files */,
			);
			path = TwoOfOneTests;
			sourceTree = "<group>";
		};
		B441FA7F1B974E0D00B55627 /* Supporting Files */ = {
			isa = PBXGroup;
			children = (
				B441FA801B974E0D00B55627 /* Info.plist */,
			);
			name = "Supporting Files";
			sourceTree = "<group>";
		};
		B48111F11B98AA4D00E2A4F3 /* Images */ = {
			isa = PBXGroup;
			children = (
				B48112071B9DEDB800E2A4F3 /* TileSets */,
				B48111F81B9989C600E2A4F3 /* tile0.png */,
				B48111F91B9989C600E2A4F3 /* tile50.png */,
				B48111FA1B9989C600E2A4F3 /* tile100.png */,
				B48111FB1B9989C600E2A4F3 /* tileA.png */,
				B48111FC1B9989C600E2A4F3 /* tileB.png */,
				B48111FD1B9989C600E2A4F3 /* tileC.png */,
			);
			name = Images;
			sourceTree = "<group>";
		};
		B48112041B9B7BF400E2A4F3 /* custom */ = {
			isa = PBXGroup;
			children = (
				B48111EF1B9759F100E2A4F3 /* JFSCNView.swift */,
				B48112051B9B7C0F00E2A4F3 /* JFSCNNode.swift */,
			);
			name = custom;
			sourceTree = "<group>";
		};
		B48112071B9DEDB800E2A4F3 /* TileSets */ = {
			isa = PBXGroup;
			children = (
				B48112531B9DF00600E2A4F3 /* Karte01.png */,
				B48112541B9DF00600E2A4F3 /* Karte02.png */,
				B48112551B9DF00600E2A4F3 /* Karte03.png */,
				B48112561B9DF00600E2A4F3 /* Karte04.png */,
				B48112571B9DF00600E2A4F3 /* Karte05.png */,
				B48112581B9DF00600E2A4F3 /* Karte06.png */,
				B48112591B9DF00600E2A4F3 /* Karte07.png */,
				B481125A1B9DF00600E2A4F3 /* Karte08.png */,
				B481125B1B9DF00600E2A4F3 /* Karte09.png */,
				B481125C1B9DF00600E2A4F3 /* Karte10.png */,
			);
			name = TileSets;
			sourceTree = "<group>";
		};
		B48112501B9DEE3B00E2A4F3 /* Utils */ = {
			isa = PBXGroup;
			children = (
				B48112511B9DEE5900E2A4F3 /* JFUtils.swift */,
			);
			name = Utils;
			sourceTree = "<group>";
		};
/* End PBXGroup section */

/* Begin PBXNativeTarget section */
		B441FA651B974E0D00B55627 /* TwoOfOne */ = {
			isa = PBXNativeTarget;
			buildConfigurationList = B441FA851B974E0D00B55627 /* Build configuration list for PBXNativeTarget "TwoOfOne" */;
			buildPhases = (
				B441FA621B974E0D00B55627 /* Sources */,
				B441FA631B974E0D00B55627 /* Frameworks */,
				B441FA641B974E0D00B55627 /* Resources */,
			);
			buildRules = (
			);
			dependencies = (
			);
			name = TwoOfOne;
			productName = TwoOfOne;
			productReference = B441FA661B974E0D00B55627 /* TwoOfOne.app */;
			productType = "com.apple.product-type.application";
		};
		B441FA7A1B974E0D00B55627 /* TwoOfOneTests */ = {
			isa = PBXNativeTarget;
			buildConfigurationList = B441FA881B974E0D00B55627 /* Build configuration list for PBXNativeTarget "TwoOfOneTests" */;
			buildPhases = (
				B441FA771B974E0D00B55627 /* Sources */,
				B441FA781B974E0D00B55627 /* Frameworks */,
				B441FA791B974E0D00B55627 /* Resources */,
			);
			buildRules = (
			);
			dependencies = (
				B441FA7D1B974E0D00B55627 /* PBXTargetDependency */,
			);
			name = TwoOfOneTests;
			productName = TwoOfOneTests;
			productReference = B441FA7B1B974E0D00B55627 /* TwoOfOneTests.xctest */;
			productType = "com.apple.product-type.bundle.unit-test";
		};
/* End PBXNativeTarget section */

/* Begin PBXProject section */
		B441FA5E1B974E0D00B55627 /* Project object */ = {
			isa = PBXProject;
			attributes = {
				LastUpgradeCheck = 0640;
				ORGANIZATIONNAME = Jens;
				TargetAttributes = {
					B441FA651B974E0D00B55627 = {
						CreatedOnToolsVersion = 6.4;
					};
					B441FA7A1B974E0D00B55627 = {
						CreatedOnToolsVersion = 6.4;
						TestTargetID = B441FA651B974E0D00B55627;
					};
				};
			};
			buildConfigurationList = B441FA611B974E0D00B55627 /* Build configuration list for PBXProject "TwoOfOne" */;
			compatibilityVersion = "Xcode 3.2";
			developmentRegion = English;
			hasScannedForEncodings = 0;
			knownRegions = (
				en,
				Base,
			);
			mainGroup = B441FA5D1B974E0D00B55627;
			productRefGroup = B441FA671B974E0D00B55627 /* Products */;
			projectDirPath = "";
			projectRoot = "";
			targets = (
				B441FA651B974E0D00B55627 /* TwoOfOne */,
				B441FA7A1B974E0D00B55627 /* TwoOfOneTests */,
			);
		};
/* End PBXProject section */

/* Begin PBXResourcesBuildPhase section */
		B441FA641B974E0D00B55627 /* Resources */ = {
			isa = PBXResourcesBuildPhase;
			buildActionMask = 2147483647;
			files = (
				B48112011B9989C600E2A4F3 /* tileA.png in Resources */,
				B48112661B9DF00600E2A4F3 /* Karte10.png in Resources */,
				B441FA711B974E0D00B55627 /* Main.storyboard in Resources */,
				B48112651B9DF00600E2A4F3 /* Karte09.png in Resources */,
				B48112611B9DF00600E2A4F3 /* Karte05.png in Resources */,
				B441FA761B974E0D00B55627 /* LaunchScreen.xib in Resources */,
				B48112641B9DF00600E2A4F3 /* Karte08.png in Resources */,
				B481125E1B9DF00600E2A4F3 /* Karte02.png in Resources */,
				B48111FE1B9989C600E2A4F3 /* tile0.png in Resources */,
				B48112601B9DF00600E2A4F3 /* Karte04.png in Resources */,
				B481125D1B9DF00600E2A4F3 /* Karte01.png in Resources */,
				B48112021B9989C600E2A4F3 /* tileB.png in Resources */,
				B48111FF1B9989C600E2A4F3 /* tile50.png in Resources */,
				B481125F1B9DF00600E2A4F3 /* Karte03.png in Resources */,
				B441FA731B974E0D00B55627 /* Images.xcassets in Resources */,
				B48112631B9DF00600E2A4F3 /* Karte07.png in Resources */,
				B48112001B9989C600E2A4F3 /* tile100.png in Resources */,
				B48112031B9989C600E2A4F3 /* tileC.png in Resources */,
				B48112621B9DF00600E2A4F3 /* Karte06.png in Resources */,
			);
			runOnlyForDeploymentPostprocessing = 0;
		};
		B441FA791B974E0D00B55627 /* Resources */ = {
			isa = PBXResourcesBuildPhase;
			buildActionMask = 2147483647;
			files = (
			);
			runOnlyForDeploymentPostprocessing = 0;
		};
/* End PBXResourcesBuildPhase section */

/* Begin PBXSourcesBuildPhase section */
		B441FA621B974E0D00B55627 /* Sources */ = {
			isa = PBXSourcesBuildPhase;
			buildActionMask = 2147483647;
			files = (
				B441FA6E1B974E0D00B55627 /* ViewController.swift in Sources */,
				B48112061B9B7C0F00E2A4F3 /* JFSCNNode.swift in Sources */,
				B48111F01B9759F100E2A4F3 /* JFSCNView.swift in Sources */,
				B441FA6C1B974E0D00B55627 /* AppDelegate.swift in Sources */,
				B48112521B9DEE5900E2A4F3 /* JFUtils.swift in Sources */,
			);
			runOnlyForDeploymentPostprocessing = 0;
		};
		B441FA771B974E0D00B55627 /* Sources */ = {
			isa = PBXSourcesBuildPhase;
			buildActionMask = 2147483647;
			files = (
				B441FA821B974E0D00B55627 /* TwoOfOneTests.swift in Sources */,
			);
			runOnlyForDeploymentPostprocessing = 0;
		};
/* End PBXSourcesBuildPhase section */

/* Begin PBXTargetDependency section */
		B441FA7D1B974E0D00B55627 /* PBXTargetDependency */ = {
			isa = PBXTargetDependency;
			target = B441FA651B974E0D00B55627 /* TwoOfOne */;
			targetProxy = B441FA7C1B974E0D00B55627 /* PBXContainerItemProxy */;
		};
/* End PBXTargetDependency section */

/* Begin PBXVariantGroup section */
		B441FA6F1B974E0D00B55627 /* Main.storyboard */ = {
			isa = PBXVariantGroup;
			children = (
				B441FA701B974E0D00B55627 /* Base */,
			);
			name = Main.storyboard;
			sourceTree = "<group>";
		};
		B441FA741B974E0D00B55627 /* LaunchScreen.xib */ = {
			isa = PBXVariantGroup;
			children = (
				B441FA751B974E0D00B55627 /* Base */,
			);
			name = LaunchScreen.xib;
			sourceTree = "<group>";
		};
/* End PBXVariantGroup section */

/* Begin XCBuildConfiguration section */
		B441FA831B974E0D00B55627 /* Debug */ = {
			isa = XCBuildConfiguration;
			buildSettings = {
				ALWAYS_SEARCH_USER_PATHS = NO;
				CLANG_CXX_LANGUAGE_STANDARD = "gnu++0x";
				CLANG_CXX_LIBRARY = "libc++";
				CLANG_ENABLE_MODULES = YES;
				CLANG_ENABLE_OBJC_ARC = YES;
				CLANG_WARN_BOOL_CONVERSION = YES;
				CLANG_WARN_CONSTANT_CONVERSION = YES;
				CLANG_WARN_DIRECT_OBJC_ISA_USAGE = YES_ERROR;
				CLANG_WARN_EMPTY_BODY = YES;
				CLANG_WARN_ENUM_CONVERSION = YES;
				CLANG_WARN_INT_CONVERSION = YES;
				CLANG_WARN_OBJC_ROOT_CLASS = YES_ERROR;
				CLANG_WARN_UNREACHABLE_CODE = YES;
				CLANG_WARN__DUPLICATE_METHOD_MATCH = YES;
				"CODE_SIGN_IDENTITY[sdk=iphoneos*]" = "iPhone Developer";
				COPY_PHASE_STRIP = NO;
				DEBUG_INFORMATION_FORMAT = "dwarf-with-dsym";
				ENABLE_STRICT_OBJC_MSGSEND = YES;
				GCC_C_LANGUAGE_STANDARD = gnu99;
				GCC_DYNAMIC_NO_PIC = NO;
				GCC_NO_COMMON_BLOCKS = YES;
				GCC_OPTIMIZATION_LEVEL = 0;
				GCC_PREPROCESSOR_DEFINITIONS = (
					"DEBUG=1",
					"$(inherited)",
				);
				GCC_SYMBOLS_PRIVATE_EXTERN = NO;
				GCC_WARN_64_TO_32_BIT_CONVERSION = YES;
				GCC_WARN_ABOUT_RETURN_TYPE = YES_ERROR;
				GCC_WARN_UNDECLARED_SELECTOR = YES;
				GCC_WARN_UNINITIALIZED_AUTOS = YES_AGGRESSIVE;
				GCC_WARN_UNUSED_FUNCTION = YES;
				GCC_WARN_UNUSED_VARIABLE = YES;
				IPHONEOS_DEPLOYMENT_TARGET = 8.4;
				MTL_ENABLE_DEBUG_INFO = YES;
				ONLY_ACTIVE_ARCH = YES;
				SDKROOT = iphoneos;
				SWIFT_OPTIMIZATION_LEVEL = "-Onone";
				TARGETED_DEVICE_FAMILY = "1,2";
			};
			name = Debug;
		};
		B441FA841B974E0D00B55627 /* Release */ = {
			isa = XCBuildConfiguration;
			buildSettings = {
				ALWAYS_SEARCH_USER_PATHS = NO;
				CLANG_CXX_LANGUAGE_STANDARD = "gnu++0x";
				CLANG_CXX_LIBRARY = "libc++";
				CLANG_ENABLE_MODULES = YES;
				CLANG_ENABLE_OBJC_ARC = YES;
				CLANG_WARN_BOOL_CONVERSION = YES;
				CLANG_WARN_CONSTANT_CONVERSION = YES;
				CLANG_WARN_DIRECT_OBJC_ISA_USAGE = YES_ERROR;
				CLANG_WARN_EMPTY_BODY = YES;
				CLANG_WARN_ENUM_CONVERSION = YES;
				CLANG_WARN_INT_CONVERSION = YES;
				CLANG_WARN_OBJC_ROOT_CLASS = YES_ERROR;
				CLANG_WARN_UNREACHABLE_CODE = YES;
				CLANG_WARN__DUPLICATE_METHOD_MATCH = YES;
				"CODE_SIGN_IDENTITY[sdk=iphoneos*]" = "iPhone Developer";
				COPY_PHASE_STRIP = NO;
				DEBUG_INFORMATION_FORMAT = "dwarf-with-dsym";
				ENABLE_NS_ASSERTIONS = NO;
				ENABLE_STRICT_OBJC_MSGSEND = YES;
				GCC_C_LANGUAGE_STANDARD = gnu99;
				GCC_NO_COMMON_BLOCKS = YES;
				GCC_WARN_64_TO_32_BIT_CONVERSION = YES;
				GCC_WARN_ABOUT_RETURN_TYPE = YES_ERROR;
				GCC_WARN_UNDECLARED_SELECTOR = YES;
				GCC_WARN_UNINITIALIZED_AUTOS = YES_AGGRESSIVE;
				GCC_WARN_UNUSED_FUNCTION = YES;
				GCC_WARN_UNUSED_VARIABLE = YES;
				IPHONEOS_DEPLOYMENT_TARGET = 8.4;
				MTL_ENABLE_DEBUG_INFO = NO;
				SDKROOT = iphoneos;
				TARGETED_DEVICE_FAMILY = "1,2";
				VALIDATE_PRODUCT = YES;
			};
			name = Release;
		};
		B441FA861B974E0D00B55627 /* Debug */ = {
			isa = XCBuildConfiguration;
			buildSettings = {
				ASSETCATALOG_COMPILER_APPICON_NAME = AppIcon;
				INFOPLIST_FILE = TwoOfOne/Info.plist;
				LD_RUNPATH_SEARCH_PATHS = "$(inherited) @executable_path/Frameworks";
				PRODUCT_NAME = "$(TARGET_NAME)";
			};
			name = Debug;
		};
		B441FA871B974E0D00B55627 /* Release */ = {
			isa = XCBuildConfiguration;
			buildSettings = {
				ASSETCATALOG_COMPILER_APPICON_NAME = AppIcon;
				INFOPLIST_FILE = TwoOfOne/Info.plist;
				LD_RUNPATH_SEARCH_PATHS = "$(inherited) @executable_path/Frameworks";
				PRODUCT_NAME = "$(TARGET_NAME)";
			};
			name = Release;
		};
		B441FA891B974E0D00B55627 /* Debug */ = {
			isa = XCBuildConfiguration;
			buildSettings = {
				BUNDLE_LOADER = "$(TEST_HOST)";
				FRAMEWORK_SEARCH_PATHS = (
					"$(SDKROOT)/Developer/Library/Frameworks",
					"$(inherited)",
				);
				GCC_PREPROCESSOR_DEFINITIONS = (
					"DEBUG=1",
					"$(inherited)",
				);
				INFOPLIST_FILE = TwoOfOneTests/Info.plist;
				LD_RUNPATH_SEARCH_PATHS = "$(inherited) @executable_path/Frameworks @loader_path/Frameworks";
				PRODUCT_NAME = "$(TARGET_NAME)";
				TEST_HOST = "$(BUILT_PRODUCTS_DIR)/TwoOfOne.app/TwoOfOne";
			};
			name = Debug;
		};
		B441FA8A1B974E0D00B55627 /* Release */ = {
			isa = XCBuildConfiguration;
			buildSettings = {
				BUNDLE_LOADER = "$(TEST_HOST)";
				FRAMEWORK_SEARCH_PATHS = (
					"$(SDKROOT)/Developer/Library/Frameworks",
					"$(inherited)",
				);
				INFOPLIST_FILE = TwoOfOneTests/Info.plist;
				LD_RUNPATH_SEARCH_PATHS = "$(inherited) @executable_path/Frameworks @loader_path/Frameworks";
				PRODUCT_NAME = "$(TARGET_NAME)";
				TEST_HOST = "$(BUILT_PRODUCTS_DIR)/TwoOfOne.app/TwoOfOne";
			};
			name = Release;
		};
/* End XCBuildConfiguration section */

/* Begin XCConfigurationList section */
		B441FA611B974E0D00B55627 /* Build configuration list for PBXProject "TwoOfOne" */ = {
			isa = XCConfigurationList;
			buildConfigurations = (
				B441FA831B974E0D00B55627 /* Debug */,
				B441FA841B974E0D00B55627 /* Release */,
			);
			defaultConfigurationIsVisible = 0;
			defaultConfigurationName = Release;
		};
		B441FA851B974E0D00B55627 /* Build configuration list for PBXNativeTarget "TwoOfOne" */ = {
			isa = XCConfigurationList;
			buildConfigurations = (
				B441FA861B974E0D00B55627 /* Debug */,
				B441FA871B974E0D00B55627 /* Release */,
			);
			defaultConfigurationIsVisible = 0;
			defaultConfigurationName = Release;
		};
		B441FA881B974E0D00B55627 /* Build configuration list for PBXNativeTarget "TwoOfOneTests" */ = {
			isa = XCConfigurationList;
			buildConfigurations = (
				B441FA891B974E0D00B55627 /* Debug */,
				B441FA8A1B974E0D00B55627 /* Release */,
			);
			defaultConfigurationIsVisible = 0;
			defaultConfigurationName = Release;
		};
/* End XCConfigurationList section */
	};
	rootObject = B441FA5E1B974E0D00B55627 /* Project object */;
}
